// !$*UTF8*$!
{
	archiveVersion = 1;
	classes = {
	};
	objectVersion = 46;
	objects = {

/* Begin PBXBuildFile section */
		790B0816177B7F1E005C6308 /* NoteView.m in Sources */ = {isa = PBXBuildFile; fileRef = 790B0812177B7EC3005C6308 /* NoteView.m */; };
		790B0856177B7F88005C6308 /* NSAttributedString+MGTrim.m in Sources */ = {isa = PBXBuildFile; fileRef = 790B0835177B7F87005C6308 /* NSAttributedString+MGTrim.m */; };
		790B0857177B7F88005C6308 /* NSObject+MGEvents.m in Sources */ = {isa = PBXBuildFile; fileRef = 790B0837177B7F87005C6308 /* NSObject+MGEvents.m */; };
		790B0858177B7F88005C6308 /* UIColor+MGExpanded.m in Sources */ = {isa = PBXBuildFile; fileRef = 790B0839177B7F87005C6308 /* UIColor+MGExpanded.m */; };
		790B0859177B7F88005C6308 /* UIControl+MGEvents.m in Sources */ = {isa = PBXBuildFile; fileRef = 790B083B177B7F87005C6308 /* UIControl+MGEvents.m */; };
		790B085A177B7F88005C6308 /* UIResponder+FirstResponder.m in Sources */ = {isa = PBXBuildFile; fileRef = 790B083D177B7F87005C6308 /* UIResponder+FirstResponder.m */; };
		790B085B177B7F88005C6308 /* UIView+MGEasyFrame.m in Sources */ = {isa = PBXBuildFile; fileRef = 790B083F177B7F87005C6308 /* UIView+MGEasyFrame.m */; };
		790B085C177B7F88005C6308 /* MGBlockWrapper.m in Sources */ = {isa = PBXBuildFile; fileRef = 790B0842177B7F87005C6308 /* MGBlockWrapper.m */; };
		790B085D177B7F88005C6308 /* MGBox.m in Sources */ = {isa = PBXBuildFile; fileRef = 790B0844177B7F87005C6308 /* MGBox.m */; };
		790B085E177B7F88005C6308 /* MGButton.m in Sources */ = {isa = PBXBuildFile; fileRef = 790B0846177B7F88005C6308 /* MGButton.m */; };
		790B085F177B7F88005C6308 /* MGLayoutManager.m in Sources */ = {isa = PBXBuildFile; fileRef = 790B0849177B7F88005C6308 /* MGLayoutManager.m */; };
		790B0860177B7F88005C6308 /* MGLine.m in Sources */ = {isa = PBXBuildFile; fileRef = 790B084B177B7F88005C6308 /* MGLine.m */; };
		790B0861177B7F88005C6308 /* MGLineStyled.m in Sources */ = {isa = PBXBuildFile; fileRef = 790B084D177B7F88005C6308 /* MGLineStyled.m */; };
		790B0862177B7F88005C6308 /* MGMushParser.m in Sources */ = {isa = PBXBuildFile; fileRef = 790B084F177B7F88005C6308 /* MGMushParser.m */; };
		790B0863177B7F88005C6308 /* MGScrollView.m in Sources */ = {isa = PBXBuildFile; fileRef = 790B0851177B7F88005C6308 /* MGScrollView.m */; };
		790B0864177B7F88005C6308 /* MGTableBox.m in Sources */ = {isa = PBXBuildFile; fileRef = 790B0853177B7F88005C6308 /* MGTableBox.m */; };
		790B0865177B7F88005C6308 /* MGTableBoxStyled.m in Sources */ = {isa = PBXBuildFile; fileRef = 790B0855177B7F88005C6308 /* MGTableBoxStyled.m */; };
		790B086A177B7FD1005C6308 /* AVFoundation.framework in Frameworks */ = {isa = PBXBuildFile; fileRef = 790B0866177B7FD1005C6308 /* AVFoundation.framework */; };
		790B086B177B7FD1005C6308 /* CoreText.framework in Frameworks */ = {isa = PBXBuildFile; fileRef = 790B0867177B7FD1005C6308 /* CoreText.framework */; };
		790B086C177B7FD1005C6308 /* QuartzCore.framework in Frameworks */ = {isa = PBXBuildFile; fileRef = 790B0868177B7FD1005C6308 /* QuartzCore.framework */; };
		790B086D177B7FD1005C6308 /* CoreGraphics.framework in Frameworks */ = {isa = PBXBuildFile; fileRef = 790B0869177B7FD1005C6308 /* CoreGraphics.framework */; };
		795EAD42177A62DD00EEC7AF /* DOWelcomeAndCommunityVC-iPhone.xib in Resources */ = {isa = PBXBuildFile; fileRef = 795EAD41177A62DD00EEC7AF /* DOWelcomeAndCommunityVC-iPhone.xib */; };
		795EAD47177A69FF00EEC7AF /* DomoLogo-header-iphone@2x.png in Resources */ = {isa = PBXBuildFile; fileRef = 795EAD46177A69FF00EEC7AF /* DomoLogo-header-iphone@2x.png */; };
		795EAD4B177A836600EEC7AF /* DORequestAdviceVC.m in Sources */ = {isa = PBXBuildFile; fileRef = 795EAD49177A836600EEC7AF /* DORequestAdviceVC.m */; };
		795EAD4C177A836600EEC7AF /* DORequestAdviceVC-iPhone.xib in Resources */ = {isa = PBXBuildFile; fileRef = 795EAD4A177A836600EEC7AF /* DORequestAdviceVC-iPhone.xib */; };
		795EAD50177B276D00EEC7AF /* DOHomeScreenRootVC.m in Sources */ = {isa = PBXBuildFile; fileRef = 795EAD4E177B276D00EEC7AF /* DOHomeScreenRootVC.m */; };
		795EAD51177B276D00EEC7AF /* DOHomeScreenRootVC-iPhone.xib in Resources */ = {isa = PBXBuildFile; fileRef = 795EAD4F177B276D00EEC7AF /* DOHomeScreenRootVC-iPhone.xib */; };
		795EAD54177B280800EEC7AF /* DOWelcomeAndCommunityVC.m in Sources */ = {isa = PBXBuildFile; fileRef = 795EAD53177B280800EEC7AF /* DOWelcomeAndCommunityVC.m */; };
		795EAD56177B293000EEC7AF /* patternsquare_green@2x.png in Resources */ = {isa = PBXBuildFile; fileRef = 795EAD55177B293000EEC7AF /* patternsquare_green@2x.png */; };
		795EAD63177B4E8C00EEC7AF /* app-logo-57px.png in Resources */ = {isa = PBXBuildFile; fileRef = 795EAD5F177B4E8B00EEC7AF /* app-logo-57px.png */; };
		795EAD64177B4E8C00EEC7AF /* app-logo-57px@2x.png in Resources */ = {isa = PBXBuildFile; fileRef = 795EAD60177B4E8B00EEC7AF /* app-logo-57px@2x.png */; };
		795EAD65177B4E8C00EEC7AF /* app-logo-72px.png in Resources */ = {isa = PBXBuildFile; fileRef = 795EAD61177B4E8B00EEC7AF /* app-logo-72px.png */; };
		795EAD66177B4E8C00EEC7AF /* app-logo-72px@2x.png in Resources */ = {isa = PBXBuildFile; fileRef = 795EAD62177B4E8B00EEC7AF /* app-logo-72px@2x.png */; };
		798A52061779FC7D00939FB8 /* UIKit.framework in Frameworks */ = {isa = PBXBuildFile; fileRef = 798A52051779FC7D00939FB8 /* UIKit.framework */; };
		798A52081779FC7D00939FB8 /* Foundation.framework in Frameworks */ = {isa = PBXBuildFile; fileRef = 798A52071779FC7D00939FB8 /* Foundation.framework */; };
		798A520A1779FC7D00939FB8 /* CoreGraphics.framework in Frameworks */ = {isa = PBXBuildFile; fileRef = 798A52091779FC7D00939FB8 /* CoreGraphics.framework */; };
		798A520C1779FC7D00939FB8 /* CoreData.framework in Frameworks */ = {isa = PBXBuildFile; fileRef = 798A520B1779FC7D00939FB8 /* CoreData.framework */; };
		798A52121779FC7D00939FB8 /* InfoPlist.strings in Resources */ = {isa = PBXBuildFile; fileRef = 798A52101779FC7D00939FB8 /* InfoPlist.strings */; };
		798A52141779FC7D00939FB8 /* main.m in Sources */ = {isa = PBXBuildFile; fileRef = 798A52131779FC7D00939FB8 /* main.m */; };
		798A52181779FC7D00939FB8 /* DOAppDelegate.m in Sources */ = {isa = PBXBuildFile; fileRef = 798A52171779FC7D00939FB8 /* DOAppDelegate.m */; };
		798A52211779FC7D00939FB8 /* Domo.xcdatamodeld in Sources */ = {isa = PBXBuildFile; fileRef = 798A521F1779FC7D00939FB8 /* Domo.xcdatamodeld */; };
		798A52341779FF8300939FB8 /* Arimo-Bold-Latin.ttf in Resources */ = {isa = PBXBuildFile; fileRef = 798A522D1779FF8300939FB8 /* Arimo-Bold-Latin.ttf */; };
		798A52351779FF8300939FB8 /* Arimo-BoldItalic-Latin.ttf in Resources */ = {isa = PBXBuildFile; fileRef = 798A522E1779FF8300939FB8 /* Arimo-BoldItalic-Latin.ttf */; };
		798A52361779FF8300939FB8 /* Arimo-Italic-Latin.ttf in Resources */ = {isa = PBXBuildFile; fileRef = 798A522F1779FF8300939FB8 /* Arimo-Italic-Latin.ttf */; };
		798A52371779FF8300939FB8 /* Arimo-Regular-Latin.ttf in Resources */ = {isa = PBXBuildFile; fileRef = 798A52301779FF8300939FB8 /* Arimo-Regular-Latin.ttf */; };
		798A52381779FF8300939FB8 /* Default-568h@2x.png in Resources */ = {isa = PBXBuildFile; fileRef = 798A52311779FF8300939FB8 /* Default-568h@2x.png */; };
		798A52391779FF8300939FB8 /* Default.png in Resources */ = {isa = PBXBuildFile; fileRef = 798A52321779FF8300939FB8 /* Default.png */; };
		798A523A1779FF8300939FB8 /* Default@2x.png in Resources */ = {isa = PBXBuildFile; fileRef = 798A52331779FF8300939FB8 /* Default@2x.png */; };
		79C21112177C8CE800D7F984 /* DOMyQuestionsVC.m in Sources */ = {isa = PBXBuildFile; fileRef = 79C21110177C8CE800D7F984 /* DOMyQuestionsVC.m */; };
		79C21113177C8CE800D7F984 /* DOMyQuestionsVC-iPhone.xib in Resources */ = {isa = PBXBuildFile; fileRef = 79C21111177C8CE800D7F984 /* DOMyQuestionsVC-iPhone.xib */; };
/* End PBXBuildFile section */

/* Begin PBXFileReference section */
		790B0811177B7EC3005C6308 /* NoteView.h */ = {isa = PBXFileReference; lastKnownFileType = sourcecode.c.h; name = NoteView.h; path = NoteView/Classes/NoteView.h; sourceTree = SOURCE_ROOT; };
		790B0812177B7EC3005C6308 /* NoteView.m */ = {isa = PBXFileReference; lastKnownFileType = sourcecode.c.objc; name = NoteView.m; path = NoteView/Classes/NoteView.m; sourceTree = SOURCE_ROOT; };
		790B0834177B7F87005C6308 /* NSAttributedString+MGTrim.h */ = {isa = PBXFileReference; fileEncoding = 4; lastKnownFileType = sourcecode.c.h; path = "NSAttributedString+MGTrim.h"; sourceTree = "<group>"; };
		790B0835177B7F87005C6308 /* NSAttributedString+MGTrim.m */ = {isa = PBXFileReference; fileEncoding = 4; lastKnownFileType = sourcecode.c.objc; path = "NSAttributedString+MGTrim.m"; sourceTree = "<group>"; };
		790B0836177B7F87005C6308 /* NSObject+MGEvents.h */ = {isa = PBXFileReference; fileEncoding = 4; lastKnownFileType = sourcecode.c.h; path = "NSObject+MGEvents.h"; sourceTree = "<group>"; };
		790B0837177B7F87005C6308 /* NSObject+MGEvents.m */ = {isa = PBXFileReference; fileEncoding = 4; lastKnownFileType = sourcecode.c.objc; path = "NSObject+MGEvents.m"; sourceTree = "<group>"; };
		790B0838177B7F87005C6308 /* UIColor+MGExpanded.h */ = {isa = PBXFileReference; fileEncoding = 4; lastKnownFileType = sourcecode.c.h; path = "UIColor+MGExpanded.h"; sourceTree = "<group>"; };
		790B0839177B7F87005C6308 /* UIColor+MGExpanded.m */ = {isa = PBXFileReference; fileEncoding = 4; lastKnownFileType = sourcecode.c.objc; path = "UIColor+MGExpanded.m"; sourceTree = "<group>"; };
		790B083A177B7F87005C6308 /* UIControl+MGEvents.h */ = {isa = PBXFileReference; fileEncoding = 4; lastKnownFileType = sourcecode.c.h; path = "UIControl+MGEvents.h"; sourceTree = "<group>"; };
		790B083B177B7F87005C6308 /* UIControl+MGEvents.m */ = {isa = PBXFileReference; fileEncoding = 4; lastKnownFileType = sourcecode.c.objc; path = "UIControl+MGEvents.m"; sourceTree = "<group>"; };
		790B083C177B7F87005C6308 /* UIResponder+FirstResponder.h */ = {isa = PBXFileReference; fileEncoding = 4; lastKnownFileType = sourcecode.c.h; path = "UIResponder+FirstResponder.h"; sourceTree = "<group>"; };
		790B083D177B7F87005C6308 /* UIResponder+FirstResponder.m */ = {isa = PBXFileReference; fileEncoding = 4; lastKnownFileType = sourcecode.c.objc; path = "UIResponder+FirstResponder.m"; sourceTree = "<group>"; };
		790B083E177B7F87005C6308 /* UIView+MGEasyFrame.h */ = {isa = PBXFileReference; fileEncoding = 4; lastKnownFileType = sourcecode.c.h; path = "UIView+MGEasyFrame.h"; sourceTree = "<group>"; };
		790B083F177B7F87005C6308 /* UIView+MGEasyFrame.m */ = {isa = PBXFileReference; fileEncoding = 4; lastKnownFileType = sourcecode.c.objc; path = "UIView+MGEasyFrame.m"; sourceTree = "<group>"; };
		790B0840177B7F87005C6308 /* MGBase.h */ = {isa = PBXFileReference; fileEncoding = 4; lastKnownFileType = sourcecode.c.h; path = MGBase.h; sourceTree = "<group>"; };
		790B0841177B7F87005C6308 /* MGBlockWrapper.h */ = {isa = PBXFileReference; fileEncoding = 4; lastKnownFileType = sourcecode.c.h; path = MGBlockWrapper.h; sourceTree = "<group>"; };
		790B0842177B7F87005C6308 /* MGBlockWrapper.m */ = {isa = PBXFileReference; fileEncoding = 4; lastKnownFileType = sourcecode.c.objc; path = MGBlockWrapper.m; sourceTree = "<group>"; };
		790B0843177B7F87005C6308 /* MGBox.h */ = {isa = PBXFileReference; fileEncoding = 4; lastKnownFileType = sourcecode.c.h; path = MGBox.h; sourceTree = "<group>"; };
		790B0844177B7F87005C6308 /* MGBox.m */ = {isa = PBXFileReference; fileEncoding = 4; lastKnownFileType = sourcecode.c.objc; path = MGBox.m; sourceTree = "<group>"; };
		790B0845177B7F87005C6308 /* MGButton.h */ = {isa = PBXFileReference; fileEncoding = 4; lastKnownFileType = sourcecode.c.h; path = MGButton.h; sourceTree = "<group>"; };
		790B0846177B7F88005C6308 /* MGButton.m */ = {isa = PBXFileReference; fileEncoding = 4; lastKnownFileType = sourcecode.c.objc; path = MGButton.m; sourceTree = "<group>"; };
		790B0847177B7F88005C6308 /* MGLayoutBox.h */ = {isa = PBXFileReference; fileEncoding = 4; lastKnownFileType = sourcecode.c.h; path = MGLayoutBox.h; sourceTree = "<group>"; };
		790B0848177B7F88005C6308 /* MGLayoutManager.h */ = {isa = PBXFileReference; fileEncoding = 4; lastKnownFileType = sourcecode.c.h; path = MGLayoutManager.h; sourceTree = "<group>"; };
		790B0849177B7F88005C6308 /* MGLayoutManager.m */ = {isa = PBXFileReference; fileEncoding = 4; lastKnownFileType = sourcecode.c.objc; path = MGLayoutManager.m; sourceTree = "<group>"; };
		790B084A177B7F88005C6308 /* MGLine.h */ = {isa = PBXFileReference; fileEncoding = 4; lastKnownFileType = sourcecode.c.h; path = MGLine.h; sourceTree = "<group>"; };
		790B084B177B7F88005C6308 /* MGLine.m */ = {isa = PBXFileReference; fileEncoding = 4; lastKnownFileType = sourcecode.c.objc; path = MGLine.m; sourceTree = "<group>"; };
		790B084C177B7F88005C6308 /* MGLineStyled.h */ = {isa = PBXFileReference; fileEncoding = 4; lastKnownFileType = sourcecode.c.h; path = MGLineStyled.h; sourceTree = "<group>"; };
		790B084D177B7F88005C6308 /* MGLineStyled.m */ = {isa = PBXFileReference; fileEncoding = 4; lastKnownFileType = sourcecode.c.objc; path = MGLineStyled.m; sourceTree = "<group>"; };
		790B084E177B7F88005C6308 /* MGMushParser.h */ = {isa = PBXFileReference; fileEncoding = 4; lastKnownFileType = sourcecode.c.h; path = MGMushParser.h; sourceTree = "<group>"; };
		790B084F177B7F88005C6308 /* MGMushParser.m */ = {isa = PBXFileReference; fileEncoding = 4; lastKnownFileType = sourcecode.c.objc; path = MGMushParser.m; sourceTree = "<group>"; };
		790B0850177B7F88005C6308 /* MGScrollView.h */ = {isa = PBXFileReference; fileEncoding = 4; lastKnownFileType = sourcecode.c.h; path = MGScrollView.h; sourceTree = "<group>"; };
		790B0851177B7F88005C6308 /* MGScrollView.m */ = {isa = PBXFileReference; fileEncoding = 4; lastKnownFileType = sourcecode.c.objc; path = MGScrollView.m; sourceTree = "<group>"; };
		790B0852177B7F88005C6308 /* MGTableBox.h */ = {isa = PBXFileReference; fileEncoding = 4; lastKnownFileType = sourcecode.c.h; path = MGTableBox.h; sourceTree = "<group>"; };
		790B0853177B7F88005C6308 /* MGTableBox.m */ = {isa = PBXFileReference; fileEncoding = 4; lastKnownFileType = sourcecode.c.objc; path = MGTableBox.m; sourceTree = "<group>"; };
		790B0854177B7F88005C6308 /* MGTableBoxStyled.h */ = {isa = PBXFileReference; fileEncoding = 4; lastKnownFileType = sourcecode.c.h; path = MGTableBoxStyled.h; sourceTree = "<group>"; };
		790B0855177B7F88005C6308 /* MGTableBoxStyled.m */ = {isa = PBXFileReference; fileEncoding = 4; lastKnownFileType = sourcecode.c.objc; path = MGTableBoxStyled.m; sourceTree = "<group>"; };
		790B0866177B7FD1005C6308 /* AVFoundation.framework */ = {isa = PBXFileReference; lastKnownFileType = wrapper.framework; name = AVFoundation.framework; path = System/Library/Frameworks/AVFoundation.framework; sourceTree = SDKROOT; };
		790B0867177B7FD1005C6308 /* CoreText.framework */ = {isa = PBXFileReference; lastKnownFileType = wrapper.framework; name = CoreText.framework; path = System/Library/Frameworks/CoreText.framework; sourceTree = SDKROOT; };
		790B0868177B7FD1005C6308 /* QuartzCore.framework */ = {isa = PBXFileReference; lastKnownFileType = wrapper.framework; name = QuartzCore.framework; path = System/Library/Frameworks/QuartzCore.framework; sourceTree = SDKROOT; };
		790B0869177B7FD1005C6308 /* CoreGraphics.framework */ = {isa = PBXFileReference; lastKnownFileType = wrapper.framework; name = CoreGraphics.framework; path = System/Library/Frameworks/CoreGraphics.framework; sourceTree = SDKROOT; };
		795EAD41177A62DD00EEC7AF /* DOWelcomeAndCommunityVC-iPhone.xib */ = {isa = PBXFileReference; fileEncoding = 4; lastKnownFileType = file.xib; path = "DOWelcomeAndCommunityVC-iPhone.xib"; sourceTree = "<group>"; };
		795EAD46177A69FF00EEC7AF /* DomoLogo-header-iphone@2x.png */ = {isa = PBXFileReference; lastKnownFileType = image.png; path = "DomoLogo-header-iphone@2x.png"; sourceTree = "<group>"; };
		795EAD48177A836600EEC7AF /* DORequestAdviceVC.h */ = {isa = PBXFileReference; fileEncoding = 4; lastKnownFileType = sourcecode.c.h; path = DORequestAdviceVC.h; sourceTree = "<group>"; };
		795EAD49177A836600EEC7AF /* DORequestAdviceVC.m */ = {isa = PBXFileReference; fileEncoding = 4; lastKnownFileType = sourcecode.c.objc; path = DORequestAdviceVC.m; sourceTree = "<group>"; };
		795EAD4A177A836600EEC7AF /* DORequestAdviceVC-iPhone.xib */ = {isa = PBXFileReference; fileEncoding = 4; lastKnownFileType = file.xib; path = "DORequestAdviceVC-iPhone.xib"; sourceTree = "<group>"; };
		795EAD4D177B276D00EEC7AF /* DOHomeScreenRootVC.h */ = {isa = PBXFileReference; fileEncoding = 4; lastKnownFileType = sourcecode.c.h; path = DOHomeScreenRootVC.h; sourceTree = "<group>"; };
		795EAD4E177B276D00EEC7AF /* DOHomeScreenRootVC.m */ = {isa = PBXFileReference; fileEncoding = 4; lastKnownFileType = sourcecode.c.objc; path = DOHomeScreenRootVC.m; sourceTree = "<group>"; };
		795EAD4F177B276D00EEC7AF /* DOHomeScreenRootVC-iPhone.xib */ = {isa = PBXFileReference; fileEncoding = 4; lastKnownFileType = file.xib; path = "DOHomeScreenRootVC-iPhone.xib"; sourceTree = "<group>"; };
		795EAD52177B280800EEC7AF /* DOWelcomeAndCommunityVC.h */ = {isa = PBXFileReference; fileEncoding = 4; lastKnownFileType = sourcecode.c.h; path = DOWelcomeAndCommunityVC.h; sourceTree = "<group>"; };
		795EAD53177B280800EEC7AF /* DOWelcomeAndCommunityVC.m */ = {isa = PBXFileReference; fileEncoding = 4; lastKnownFileType = sourcecode.c.objc; path = DOWelcomeAndCommunityVC.m; sourceTree = "<group>"; };
		795EAD55177B293000EEC7AF /* patternsquare_green@2x.png */ = {isa = PBXFileReference; lastKnownFileType = image.png; path = "patternsquare_green@2x.png"; sourceTree = "<group>"; };
		795EAD57177B40DD00EEC7AF /* EXDomoConstants.h */ = {isa = PBXFileReference; lastKnownFileType = sourcecode.c.h; path = EXDomoConstants.h; sourceTree = "<group>"; };
		795EAD59177B411A00EEC7AF /* UIViewAdditions+EX.h */ = {isa = PBXFileReference; lastKnownFileType = sourcecode.c.h; path = "UIViewAdditions+EX.h"; sourceTree = "<group>"; };
		795EAD5A177B411A00EEC7AF /* UIViewAdditions+EX.m */ = {isa = PBXFileReference; lastKnownFileType = sourcecode.c.objc; path = "UIViewAdditions+EX.m"; sourceTree = "<group>"; };
		795EAD5B177B411A00EEC7AF /* NSDateAdditions+EX.h */ = {isa = PBXFileReference; lastKnownFileType = sourcecode.c.h; path = "NSDateAdditions+EX.h"; sourceTree = "<group>"; };
		795EAD5C177B411A00EEC7AF /* NSDateAdditions+EX.m */ = {isa = PBXFileReference; lastKnownFileType = sourcecode.c.objc; path = "NSDateAdditions+EX.m"; sourceTree = "<group>"; };
		795EAD5F177B4E8B00EEC7AF /* app-logo-57px.png */ = {isa = PBXFileReference; lastKnownFileType = image.png; path = "app-logo-57px.png"; sourceTree = "<group>"; };
		795EAD60177B4E8B00EEC7AF /* app-logo-57px@2x.png */ = {isa = PBXFileReference; lastKnownFileType = image.png; path = "app-logo-57px@2x.png"; sourceTree = "<group>"; };
		795EAD61177B4E8B00EEC7AF /* app-logo-72px.png */ = {isa = PBXFileReference; lastKnownFileType = image.png; path = "app-logo-72px.png"; sourceTree = "<group>"; };
		795EAD62177B4E8B00EEC7AF /* app-logo-72px@2x.png */ = {isa = PBXFileReference; lastKnownFileType = image.png; path = "app-logo-72px@2x.png"; sourceTree = "<group>"; };
		798A52021779FC7D00939FB8 /* Domo.app */ = {isa = PBXFileReference; explicitFileType = wrapper.application; includeInIndex = 0; path = Domo.app; sourceTree = BUILT_PRODUCTS_DIR; };
		798A52051779FC7D00939FB8 /* UIKit.framework */ = {isa = PBXFileReference; lastKnownFileType = wrapper.framework; name = UIKit.framework; path = System/Library/Frameworks/UIKit.framework; sourceTree = SDKROOT; };
		798A52071779FC7D00939FB8 /* Foundation.framework */ = {isa = PBXFileReference; lastKnownFileType = wrapper.framework; name = Foundation.framework; path = System/Library/Frameworks/Foundation.framework; sourceTree = SDKROOT; };
		798A52091779FC7D00939FB8 /* CoreGraphics.framework */ = {isa = PBXFileReference; lastKnownFileType = wrapper.framework; name = CoreGraphics.framework; path = System/Library/Frameworks/CoreGraphics.framework; sourceTree = SDKROOT; };
		798A520B1779FC7D00939FB8 /* CoreData.framework */ = {isa = PBXFileReference; lastKnownFileType = wrapper.framework; name = CoreData.framework; path = System/Library/Frameworks/CoreData.framework; sourceTree = SDKROOT; };
		798A520F1779FC7D00939FB8 /* Domo-Info.plist */ = {isa = PBXFileReference; lastKnownFileType = text.plist.xml; path = "Domo-Info.plist"; sourceTree = "<group>"; };
		798A52111779FC7D00939FB8 /* en */ = {isa = PBXFileReference; lastKnownFileType = text.plist.strings; name = en; path = en.lproj/InfoPlist.strings; sourceTree = "<group>"; };
		798A52131779FC7D00939FB8 /* main.m */ = {isa = PBXFileReference; lastKnownFileType = sourcecode.c.objc; path = main.m; sourceTree = "<group>"; };
		798A52151779FC7D00939FB8 /* Domo-Prefix.pch */ = {isa = PBXFileReference; lastKnownFileType = sourcecode.c.h; path = "Domo-Prefix.pch"; sourceTree = "<group>"; };
		798A52161779FC7D00939FB8 /* DOAppDelegate.h */ = {isa = PBXFileReference; lastKnownFileType = sourcecode.c.h; path = DOAppDelegate.h; sourceTree = "<group>"; };
		798A52171779FC7D00939FB8 /* DOAppDelegate.m */ = {isa = PBXFileReference; lastKnownFileType = sourcecode.c.objc; path = DOAppDelegate.m; sourceTree = "<group>"; };
		798A52201779FC7D00939FB8 /* Domo.xcdatamodel */ = {isa = PBXFileReference; lastKnownFileType = wrapper.xcdatamodel; path = Domo.xcdatamodel; sourceTree = "<group>"; };
		798A522D1779FF8300939FB8 /* Arimo-Bold-Latin.ttf */ = {isa = PBXFileReference; lastKnownFileType = file; path = "Arimo-Bold-Latin.ttf"; sourceTree = "<group>"; };
		798A522E1779FF8300939FB8 /* Arimo-BoldItalic-Latin.ttf */ = {isa = PBXFileReference; lastKnownFileType = file; path = "Arimo-BoldItalic-Latin.ttf"; sourceTree = "<group>"; };
		798A522F1779FF8300939FB8 /* Arimo-Italic-Latin.ttf */ = {isa = PBXFileReference; lastKnownFileType = file; path = "Arimo-Italic-Latin.ttf"; sourceTree = "<group>"; };
		798A52301779FF8300939FB8 /* Arimo-Regular-Latin.ttf */ = {isa = PBXFileReference; lastKnownFileType = file; path = "Arimo-Regular-Latin.ttf"; sourceTree = "<group>"; };
		798A52311779FF8300939FB8 /* Default-568h@2x.png */ = {isa = PBXFileReference; lastKnownFileType = image.png; path = "Default-568h@2x.png"; sourceTree = "<group>"; };
		798A52321779FF8300939FB8 /* Default.png */ = {isa = PBXFileReference; lastKnownFileType = image.png; path = Default.png; sourceTree = "<group>"; };
		798A52331779FF8300939FB8 /* Default@2x.png */ = {isa = PBXFileReference; lastKnownFileType = image.png; path = "Default@2x.png"; sourceTree = "<group>"; };
		79C2110F177C8CE800D7F984 /* DOMyQuestionsVC.h */ = {isa = PBXFileReference; fileEncoding = 4; lastKnownFileType = sourcecode.c.h; path = DOMyQuestionsVC.h; sourceTree = "<group>"; };
		79C21110177C8CE800D7F984 /* DOMyQuestionsVC.m */ = {isa = PBXFileReference; fileEncoding = 4; lastKnownFileType = sourcecode.c.objc; path = DOMyQuestionsVC.m; sourceTree = "<group>"; };
		79C21111177C8CE800D7F984 /* DOMyQuestionsVC-iPhone.xib */ = {isa = PBXFileReference; fileEncoding = 4; lastKnownFileType = file.xib; path = "DOMyQuestionsVC-iPhone.xib"; sourceTree = "<group>"; };
/* End PBXFileReference section */

/* Begin PBXFrameworksBuildPhase section */
		798A51FF1779FC7D00939FB8 /* Frameworks */ = {
			isa = PBXFrameworksBuildPhase;
			buildActionMask = 2147483647;
			files = (
				798A52061779FC7D00939FB8 /* UIKit.framework in Frameworks */,
				798A52081779FC7D00939FB8 /* Foundation.framework in Frameworks */,
				798A520A1779FC7D00939FB8 /* CoreGraphics.framework in Frameworks */,
				798A520C1779FC7D00939FB8 /* CoreData.framework in Frameworks */,
				790B086A177B7FD1005C6308 /* AVFoundation.framework in Frameworks */,
				790B086B177B7FD1005C6308 /* CoreText.framework in Frameworks */,
				790B086C177B7FD1005C6308 /* QuartzCore.framework in Frameworks */,
				790B086D177B7FD1005C6308 /* CoreGraphics.framework in Frameworks */,
			);
			runOnlyForDeploymentPostprocessing = 0;
		};
/* End PBXFrameworksBuildPhase section */

/* Begin PBXGroup section */
		790B0832177B7F87005C6308 /* MGBox */ = {
			isa = PBXGroup;
			children = (
				790B0833177B7F87005C6308 /* Categories */,
				790B0840177B7F87005C6308 /* MGBase.h */,
				790B0841177B7F87005C6308 /* MGBlockWrapper.h */,
				790B0842177B7F87005C6308 /* MGBlockWrapper.m */,
				790B0843177B7F87005C6308 /* MGBox.h */,
				790B0844177B7F87005C6308 /* MGBox.m */,
				790B0845177B7F87005C6308 /* MGButton.h */,
				790B0846177B7F88005C6308 /* MGButton.m */,
				790B0847177B7F88005C6308 /* MGLayoutBox.h */,
				790B0848177B7F88005C6308 /* MGLayoutManager.h */,
				790B0849177B7F88005C6308 /* MGLayoutManager.m */,
				790B084A177B7F88005C6308 /* MGLine.h */,
				790B084B177B7F88005C6308 /* MGLine.m */,
				790B084C177B7F88005C6308 /* MGLineStyled.h */,
				790B084D177B7F88005C6308 /* MGLineStyled.m */,
				790B084E177B7F88005C6308 /* MGMushParser.h */,
				790B084F177B7F88005C6308 /* MGMushParser.m */,
				790B0850177B7F88005C6308 /* MGScrollView.h */,
				790B0851177B7F88005C6308 /* MGScrollView.m */,
				790B0852177B7F88005C6308 /* MGTableBox.h */,
				790B0853177B7F88005C6308 /* MGTableBox.m */,
				790B0854177B7F88005C6308 /* MGTableBoxStyled.h */,
				790B0855177B7F88005C6308 /* MGTableBoxStyled.m */,
			);
			name = MGBox;
			path = MGBox2/MGBox;
			sourceTree = SOURCE_ROOT;
		};
		790B0833177B7F87005C6308 /* Categories */ = {
			isa = PBXGroup;
			children = (
				790B0834177B7F87005C6308 /* NSAttributedString+MGTrim.h */,
				790B0835177B7F87005C6308 /* NSAttributedString+MGTrim.m */,
				790B0836177B7F87005C6308 /* NSObject+MGEvents.h */,
				790B0837177B7F87005C6308 /* NSObject+MGEvents.m */,
				790B0838177B7F87005C6308 /* UIColor+MGExpanded.h */,
				790B0839177B7F87005C6308 /* UIColor+MGExpanded.m */,
				790B083A177B7F87005C6308 /* UIControl+MGEvents.h */,
				790B083B177B7F87005C6308 /* UIControl+MGEvents.m */,
				790B083C177B7F87005C6308 /* UIResponder+FirstResponder.h */,
				790B083D177B7F87005C6308 /* UIResponder+FirstResponder.m */,
				790B083E177B7F87005C6308 /* UIView+MGEasyFrame.h */,
				790B083F177B7F87005C6308 /* UIView+MGEasyFrame.m */,
			);
			path = Categories;
			sourceTree = "<group>";
		};
		795EAD58177B410C00EEC7AF /* Additions */ = {
			isa = PBXGroup;
			children = (
				795EAD59177B411A00EEC7AF /* UIViewAdditions+EX.h */,
				795EAD5A177B411A00EEC7AF /* UIViewAdditions+EX.m */,
				795EAD5B177B411A00EEC7AF /* NSDateAdditions+EX.h */,
				795EAD5C177B411A00EEC7AF /* NSDateAdditions+EX.m */,
			);
			name = Additions;
			sourceTree = "<group>";
		};
		795EAD5D177B411D00EEC7AF /* Logic */ = {
			isa = PBXGroup;
			children = (
				795EAD58177B410C00EEC7AF /* Additions */,
			);
			name = Logic;
			sourceTree = "<group>";
		};
		795EAD5E177B4E8300EEC7AF /* icons */ = {
			isa = PBXGroup;
			children = (
				795EAD5F177B4E8B00EEC7AF /* app-logo-57px.png */,
				795EAD60177B4E8B00EEC7AF /* app-logo-57px@2x.png */,
				795EAD61177B4E8B00EEC7AF /* app-logo-72px.png */,
				795EAD62177B4E8B00EEC7AF /* app-logo-72px@2x.png */,
			);
			name = icons;
			sourceTree = "<group>";
		};
		795EAD67177B761800EEC7AF /* External */ = {
			isa = PBXGroup;
			children = (
				790B0832177B7F87005C6308 /* MGBox */,
				790B0811177B7EC3005C6308 /* NoteView.h */,
				790B0812177B7EC3005C6308 /* NoteView.m */,
			);
			name = External;
			sourceTree = "<group>";
		};
		798A51F91779FC7D00939FB8 = {
			isa = PBXGroup;
			children = (
				798A520D1779FC7D00939FB8 /* Domo */,
				798A52041779FC7D00939FB8 /* Frameworks */,
				798A52031779FC7D00939FB8 /* Products */,
			);
			sourceTree = "<group>";
		};
		798A52031779FC7D00939FB8 /* Products */ = {
			isa = PBXGroup;
			children = (
				798A52021779FC7D00939FB8 /* Domo.app */,
			);
			name = Products;
			sourceTree = "<group>";
		};
		798A52041779FC7D00939FB8 /* Frameworks */ = {
			isa = PBXGroup;
			children = (
				790B0866177B7FD1005C6308 /* AVFoundation.framework */,
				790B0867177B7FD1005C6308 /* CoreText.framework */,
				790B0868177B7FD1005C6308 /* QuartzCore.framework */,
				790B0869177B7FD1005C6308 /* CoreGraphics.framework */,
				798A52051779FC7D00939FB8 /* UIKit.framework */,
				798A52071779FC7D00939FB8 /* Foundation.framework */,
				798A52091779FC7D00939FB8 /* CoreGraphics.framework */,
				798A520B1779FC7D00939FB8 /* CoreData.framework */,
			);
			name = Frameworks;
			sourceTree = "<group>";
		};
		798A520D1779FC7D00939FB8 /* Domo */ = {
			isa = PBXGroup;
			children = (
				795EAD67177B761800EEC7AF /* External */,
				795EAD5D177B411D00EEC7AF /* Logic */,
				798A522C1779FF8300939FB8 /* resources */,
				798A52271779FCCC00939FB8 /* views */,
				798A52161779FC7D00939FB8 /* DOAppDelegate.h */,
				798A52171779FC7D00939FB8 /* DOAppDelegate.m */,
				795EAD57177B40DD00EEC7AF /* EXDomoConstants.h */,
				798A521F1779FC7D00939FB8 /* Domo.xcdatamodeld */,
				798A520E1779FC7D00939FB8 /* Supporting Files */,
			);
			path = Domo;
			sourceTree = "<group>";
		};
		798A520E1779FC7D00939FB8 /* Supporting Files */ = {
			isa = PBXGroup;
			children = (
				798A520F1779FC7D00939FB8 /* Domo-Info.plist */,
				798A52101779FC7D00939FB8 /* InfoPlist.strings */,
				798A52131779FC7D00939FB8 /* main.m */,
				798A52151779FC7D00939FB8 /* Domo-Prefix.pch */,
			);
			name = "Supporting Files";
			sourceTree = "<group>";
		};
		798A52271779FCCC00939FB8 /* views */ = {
			isa = PBXGroup;
			children = (
				795EAD52177B280800EEC7AF /* DOWelcomeAndCommunityVC.h */,
				795EAD53177B280800EEC7AF /* DOWelcomeAndCommunityVC.m */,
				795EAD41177A62DD00EEC7AF /* DOWelcomeAndCommunityVC-iPhone.xib */,
				795EAD48177A836600EEC7AF /* DORequestAdviceVC.h */,
				795EAD49177A836600EEC7AF /* DORequestAdviceVC.m */,
				795EAD4A177A836600EEC7AF /* DORequestAdviceVC-iPhone.xib */,
				795EAD4D177B276D00EEC7AF /* DOHomeScreenRootVC.h */,
				795EAD4E177B276D00EEC7AF /* DOHomeScreenRootVC.m */,
				795EAD4F177B276D00EEC7AF /* DOHomeScreenRootVC-iPhone.xib */,
				79C2110F177C8CE800D7F984 /* DOMyQuestionsVC.h */,
				79C21110177C8CE800D7F984 /* DOMyQuestionsVC.m */,
				79C21111177C8CE800D7F984 /* DOMyQuestionsVC-iPhone.xib */,
			);
			name = views;
			sourceTree = "<group>";
		};
		798A522C1779FF8300939FB8 /* resources */ = {
			isa = PBXGroup;
			children = (
				795EAD5E177B4E8300EEC7AF /* icons */,
				795EAD55177B293000EEC7AF /* patternsquare_green@2x.png */,
				795EAD46177A69FF00EEC7AF /* DomoLogo-header-iphone@2x.png */,
				798A522D1779FF8300939FB8 /* Arimo-Bold-Latin.ttf */,
				798A522E1779FF8300939FB8 /* Arimo-BoldItalic-Latin.ttf */,
				798A522F1779FF8300939FB8 /* Arimo-Italic-Latin.ttf */,
				798A52301779FF8300939FB8 /* Arimo-Regular-Latin.ttf */,
				798A52311779FF8300939FB8 /* Default-568h@2x.png */,
				798A52321779FF8300939FB8 /* Default.png */,
				798A52331779FF8300939FB8 /* Default@2x.png */,
			);
			path = resources;
			sourceTree = "<group>";
		};
/* End PBXGroup section */

/* Begin PBXNativeTarget section */
		798A52011779FC7D00939FB8 /* Domo */ = {
			isa = PBXNativeTarget;
			buildConfigurationList = 798A52241779FC7D00939FB8 /* Build configuration list for PBXNativeTarget "Domo" */;
			buildPhases = (
				798A51FE1779FC7D00939FB8 /* Sources */,
				798A51FF1779FC7D00939FB8 /* Frameworks */,
				798A52001779FC7D00939FB8 /* Resources */,
			);
			buildRules = (
			);
			dependencies = (
			);
			name = Domo;
			productName = Domo;
			productReference = 798A52021779FC7D00939FB8 /* Domo.app */;
			productType = "com.apple.product-type.application";
		};
/* End PBXNativeTarget section */

/* Begin PBXProject section */
		798A51FA1779FC7D00939FB8 /* Project object */ = {
			isa = PBXProject;
			attributes = {
				CLASSPREFIX = DO;
				LastUpgradeCheck = 0460;
				ORGANIZATIONNAME = ExoMachina;
			};
			buildConfigurationList = 798A51FD1779FC7D00939FB8 /* Build configuration list for PBXProject "Domo" */;
			compatibilityVersion = "Xcode 3.2";
			developmentRegion = English;
			hasScannedForEncodings = 0;
			knownRegions = (
				en,
			);
			mainGroup = 798A51F91779FC7D00939FB8;
			productRefGroup = 798A52031779FC7D00939FB8 /* Products */;
			projectDirPath = "";
			projectRoot = "";
			targets = (
				798A52011779FC7D00939FB8 /* Domo */,
			);
		};
/* End PBXProject section */

/* Begin PBXResourcesBuildPhase section */
		798A52001779FC7D00939FB8 /* Resources */ = {
			isa = PBXResourcesBuildPhase;
			buildActionMask = 2147483647;
			files = (
				798A52121779FC7D00939FB8 /* InfoPlist.strings in Resources */,
				798A52341779FF8300939FB8 /* Arimo-Bold-Latin.ttf in Resources */,
				798A52351779FF8300939FB8 /* Arimo-BoldItalic-Latin.ttf in Resources */,
				798A52361779FF8300939FB8 /* Arimo-Italic-Latin.ttf in Resources */,
				798A52371779FF8300939FB8 /* Arimo-Regular-Latin.ttf in Resources */,
				798A52381779FF8300939FB8 /* Default-568h@2x.png in Resources */,
				798A52391779FF8300939FB8 /* Default.png in Resources */,
				798A523A1779FF8300939FB8 /* Default@2x.png in Resources */,
				795EAD42177A62DD00EEC7AF /* DOWelcomeAndCommunityVC-iPhone.xib in Resources */,
				795EAD47177A69FF00EEC7AF /* DomoLogo-header-iphone@2x.png in Resources */,
				795EAD4C177A836600EEC7AF /* DORequestAdviceVC-iPhone.xib in Resources */,
				795EAD51177B276D00EEC7AF /* DOHomeScreenRootVC-iPhone.xib in Resources */,
				795EAD56177B293000EEC7AF /* patternsquare_green@2x.png in Resources */,
				795EAD63177B4E8C00EEC7AF /* app-logo-57px.png in Resources */,
				795EAD64177B4E8C00EEC7AF /* app-logo-57px@2x.png in Resources */,
				795EAD65177B4E8C00EEC7AF /* app-logo-72px.png in Resources */,
				795EAD66177B4E8C00EEC7AF /* app-logo-72px@2x.png in Resources */,
				79C21113177C8CE800D7F984 /* DOMyQuestionsVC-iPhone.xib in Resources */,
			);
			runOnlyForDeploymentPostprocessing = 0;
		};
/* End PBXResourcesBuildPhase section */

/* Begin PBXSourcesBuildPhase section */
		798A51FE1779FC7D00939FB8 /* Sources */ = {
			isa = PBXSourcesBuildPhase;
			buildActionMask = 2147483647;
			files = (
				798A52141779FC7D00939FB8 /* main.m in Sources */,
				798A52181779FC7D00939FB8 /* DOAppDelegate.m in Sources */,
				798A52211779FC7D00939FB8 /* Domo.xcdatamodeld in Sources */,
				795EAD4B177A836600EEC7AF /* DORequestAdviceVC.m in Sources */,
				795EAD50177B276D00EEC7AF /* DOHomeScreenRootVC.m in Sources */,
				795EAD54177B280800EEC7AF /* DOWelcomeAndCommunityVC.m in Sources */,
				790B0816177B7F1E005C6308 /* NoteView.m in Sources */,
				790B0856177B7F88005C6308 /* NSAttributedString+MGTrim.m in Sources */,
				790B0857177B7F88005C6308 /* NSObject+MGEvents.m in Sources */,
				790B0858177B7F88005C6308 /* UIColor+MGExpanded.m in Sources */,
				790B0859177B7F88005C6308 /* UIControl+MGEvents.m in Sources */,
				790B085A177B7F88005C6308 /* UIResponder+FirstResponder.m in Sources */,
				790B085B177B7F88005C6308 /* UIView+MGEasyFrame.m in Sources */,
				790B085C177B7F88005C6308 /* MGBlockWrapper.m in Sources */,
				790B085D177B7F88005C6308 /* MGBox.m in Sources */,
				790B085E177B7F88005C6308 /* MGButton.m in Sources */,
				790B085F177B7F88005C6308 /* MGLayoutManager.m in Sources */,
				790B0860177B7F88005C6308 /* MGLine.m in Sources */,
				790B0861177B7F88005C6308 /* MGLineStyled.m in Sources */,
				790B0862177B7F88005C6308 /* MGMushParser.m in Sources */,
				790B0863177B7F88005C6308 /* MGScrollView.m in Sources */,
				790B0864177B7F88005C6308 /* MGTableBox.m in Sources */,
				790B0865177B7F88005C6308 /* MGTableBoxStyled.m in Sources */,
				79C21112177C8CE800D7F984 /* DOMyQuestionsVC.m in Sources */,
			);
			runOnlyForDeploymentPostprocessing = 0;
		};
/* End PBXSourcesBuildPhase section */

/* Begin PBXVariantGroup section */
		798A52101779FC7D00939FB8 /* InfoPlist.strings */ = {
			isa = PBXVariantGroup;
			children = (
				798A52111779FC7D00939FB8 /* en */,
			);
			name = InfoPlist.strings;
			sourceTree = "<group>";
		};
/* End PBXVariantGroup section */

/* Begin XCBuildConfiguration section */
		798A52221779FC7D00939FB8 /* Debug */ = {
			isa = XCBuildConfiguration;
			buildSettings = {
				ALWAYS_SEARCH_USER_PATHS = NO;
				CLANG_CXX_LANGUAGE_STANDARD = "gnu++0x";
				CLANG_CXX_LIBRARY = "libc++";
				CLANG_ENABLE_OBJC_ARC = YES;
				CLANG_WARN_CONSTANT_CONVERSION = YES;
				CLANG_WARN_EMPTY_BODY = YES;
				CLANG_WARN_ENUM_CONVERSION = YES;
				CLANG_WARN_INT_CONVERSION = YES;
				CLANG_WARN__DUPLICATE_METHOD_MATCH = YES;
				"CODE_SIGN_IDENTITY[sdk=iphoneos*]" = "iPhone Developer";
				COPY_PHASE_STRIP = NO;
				GCC_C_LANGUAGE_STANDARD = gnu99;
				GCC_DYNAMIC_NO_PIC = NO;
				GCC_OPTIMIZATION_LEVEL = 0;
				GCC_PREPROCESSOR_DEFINITIONS = (
					"DEBUG=1",
					"$(inherited)",
				);
				GCC_SYMBOLS_PRIVATE_EXTERN = NO;
				GCC_WARN_ABOUT_RETURN_TYPE = YES;
				GCC_WARN_UNINITIALIZED_AUTOS = YES;
				GCC_WARN_UNUSED_VARIABLE = YES;
				IPHONEOS_DEPLOYMENT_TARGET = 6.1;
				ONLY_ACTIVE_ARCH = YES;
				SDKROOT = iphoneos;
				TARGETED_DEVICE_FAMILY = "1,2";
			};
			name = Debug;
		};
		798A52231779FC7D00939FB8 /* Release */ = {
			isa = XCBuildConfiguration;
			buildSettings = {
				ALWAYS_SEARCH_USER_PATHS = NO;
				CLANG_CXX_LANGUAGE_STANDARD = "gnu++0x";
				CLANG_CXX_LIBRARY = "libc++";
				CLANG_ENABLE_OBJC_ARC = YES;
				CLANG_WARN_CONSTANT_CONVERSION = YES;
				CLANG_WARN_EMPTY_BODY = YES;
				CLANG_WARN_ENUM_CONVERSION = YES;
				CLANG_WARN_INT_CONVERSION = YES;
				CLANG_WARN__DUPLICATE_METHOD_MATCH = YES;
				"CODE_SIGN_IDENTITY[sdk=iphoneos*]" = "iPhone Developer";
				COPY_PHASE_STRIP = YES;
				GCC_C_LANGUAGE_STANDARD = gnu99;
				GCC_WARN_ABOUT_RETURN_TYPE = YES;
				GCC_WARN_UNINITIALIZED_AUTOS = YES;
				GCC_WARN_UNUSED_VARIABLE = YES;
				IPHONEOS_DEPLOYMENT_TARGET = 6.1;
				OTHER_CFLAGS = "-DNS_BLOCK_ASSERTIONS=1";
				SDKROOT = iphoneos;
				TARGETED_DEVICE_FAMILY = "1,2";
				VALIDATE_PRODUCT = YES;
			};
			name = Release;
		};
		798A52251779FC7D00939FB8 /* Debug */ = {
			isa = XCBuildConfiguration;
			buildSettings = {
				GCC_PRECOMPILE_PREFIX_HEADER = YES;
				GCC_PREFIX_HEADER = "Domo/Domo-Prefix.pch";
				INFOPLIST_FILE = "Domo/Domo-Info.plist";
				PRODUCT_NAME = "$(TARGET_NAME)";
				WRAPPER_EXTENSION = app;
			};
			name = Debug;
		};
		798A52261779FC7D00939FB8 /* Release */ = {
			isa = XCBuildConfiguration;
			buildSettings = {
				GCC_PRECOMPILE_PREFIX_HEADER = YES;
				GCC_PREFIX_HEADER = "Domo/Domo-Prefix.pch";
				INFOPLIST_FILE = "Domo/Domo-Info.plist";
				PRODUCT_NAME = "$(TARGET_NAME)";
				WRAPPER_EXTENSION = app;
			};
			name = Release;
		};
/* End XCBuildConfiguration section */

/* Begin XCConfigurationList section */
		798A51FD1779FC7D00939FB8 /* Build configuration list for PBXProject "Domo" */ = {
			isa = XCConfigurationList;
			buildConfigurations = (
				798A52221779FC7D00939FB8 /* Debug */,
				798A52231779FC7D00939FB8 /* Release */,
			);
			defaultConfigurationIsVisible = 0;
			defaultConfigurationName = Release;
		};
		798A52241779FC7D00939FB8 /* Build configuration list for PBXNativeTarget "Domo" */ = {
			isa = XCConfigurationList;
			buildConfigurations = (
				798A52251779FC7D00939FB8 /* Debug */,
				798A52261779FC7D00939FB8 /* Release */,
			);
			defaultConfigurationIsVisible = 0;
			defaultConfigurationName = Release;
		};
/* End XCConfigurationList section */

/* Begin XCVersionGroup section */
		798A521F1779FC7D00939FB8 /* Domo.xcdatamodeld */ = {
			isa = XCVersionGroup;
			children = (
				798A52201779FC7D00939FB8 /* Domo.xcdatamodel */,
			);
			currentVersion = 798A52201779FC7D00939FB8 /* Domo.xcdatamodel */;
			path = Domo.xcdatamodeld;
			sourceTree = "<group>";
			versionGroupType = wrapper.xcdatamodel;
		};
/* End XCVersionGroup section */
	};
	rootObject = 798A51FA1779FC7D00939FB8 /* Project object */;
}
