// !$*UTF8*$!
{
	archiveVersion = 1;
	classes = {
	};
	objectVersion = 46;
	objects = {

/* Begin PBXBuildFile section */
		4A41458F9E1F42CEA6DB3861 /* libPods.a in Frameworks */ = {isa = PBXBuildFile; fileRef = 63EC041A17524A2CA5B2BE0B /* libPods.a */; };
		790B0816177B7F1E005C6308 /* NoteView.m in Sources */ = {isa = PBXBuildFile; fileRef = 790B0812177B7EC3005C6308 /* NoteView.m */; };
		790B0856177B7F88005C6308 /* NSAttributedString+MGTrim.m in Sources */ = {isa = PBXBuildFile; fileRef = 790B0835177B7F87005C6308 /* NSAttributedString+MGTrim.m */; };
		790B0857177B7F88005C6308 /* NSObject+MGEvents.m in Sources */ = {isa = PBXBuildFile; fileRef = 790B0837177B7F87005C6308 /* NSObject+MGEvents.m */; };
		790B0858177B7F88005C6308 /* UIColor+MGExpanded.m in Sources */ = {isa = PBXBuildFile; fileRef = 790B0839177B7F87005C6308 /* UIColor+MGExpanded.m */; };
		790B0859177B7F88005C6308 /* UIControl+MGEvents.m in Sources */ = {isa = PBXBuildFile; fileRef = 790B083B177B7F87005C6308 /* UIControl+MGEvents.m */; };
		790B085A177B7F88005C6308 /* UIResponder+FirstResponder.m in Sources */ = {isa = PBXBuildFile; fileRef = 790B083D177B7F87005C6308 /* UIResponder+FirstResponder.m */; };
		790B085B177B7F88005C6308 /* UIView+MGEasyFrame.m in Sources */ = {isa = PBXBuildFile; fileRef = 790B083F177B7F87005C6308 /* UIView+MGEasyFrame.m */; };
		790B085C177B7F88005C6308 /* MGBlockWrapper.m in Sources */ = {isa = PBXBuildFile; fileRef = 790B0842177B7F87005C6308 /* MGBlockWrapper.m */; };
		790B085D177B7F88005C6308 /* MGBox.m in Sources */ = {isa = PBXBuildFile; fileRef = 790B0844177B7F87005C6308 /* MGBox.m */; };
		790B085E177B7F88005C6308 /* MGButton.m in Sources */ = {isa = PBXBuildFile; fileRef = 790B0846177B7F88005C6308 /* MGButton.m */; };
		790B085F177B7F88005C6308 /* MGLayoutManager.m in Sources */ = {isa = PBXBuildFile; fileRef = 790B0849177B7F88005C6308 /* MGLayoutManager.m */; };
		790B0860177B7F88005C6308 /* MGLine.m in Sources */ = {isa = PBXBuildFile; fileRef = 790B084B177B7F88005C6308 /* MGLine.m */; };
		790B0861177B7F88005C6308 /* MGLineStyled.m in Sources */ = {isa = PBXBuildFile; fileRef = 790B084D177B7F88005C6308 /* MGLineStyled.m */; };
		790B0862177B7F88005C6308 /* MGMushParser.m in Sources */ = {isa = PBXBuildFile; fileRef = 790B084F177B7F88005C6308 /* MGMushParser.m */; };
		790B0863177B7F88005C6308 /* MGScrollView.m in Sources */ = {isa = PBXBuildFile; fileRef = 790B0851177B7F88005C6308 /* MGScrollView.m */; };
		790B0864177B7F88005C6308 /* MGTableBox.m in Sources */ = {isa = PBXBuildFile; fileRef = 790B0853177B7F88005C6308 /* MGTableBox.m */; };
		790B0865177B7F88005C6308 /* MGTableBoxStyled.m in Sources */ = {isa = PBXBuildFile; fileRef = 790B0855177B7F88005C6308 /* MGTableBoxStyled.m */; };
		790B086A177B7FD1005C6308 /* AVFoundation.framework in Frameworks */ = {isa = PBXBuildFile; fileRef = 790B0866177B7FD1005C6308 /* AVFoundation.framework */; };
		790B086B177B7FD1005C6308 /* CoreText.framework in Frameworks */ = {isa = PBXBuildFile; fileRef = 790B0867177B7FD1005C6308 /* CoreText.framework */; };
		790B086C177B7FD1005C6308 /* QuartzCore.framework in Frameworks */ = {isa = PBXBuildFile; fileRef = 790B0868177B7FD1005C6308 /* QuartzCore.framework */; };
		790B086D177B7FD1005C6308 /* CoreGraphics.framework in Frameworks */ = {isa = PBXBuildFile; fileRef = 790B0869177B7FD1005C6308 /* CoreGraphics.framework */; };
		794FDD8A17B3DB4700624BC5 /* domoChoosebutton.png in Resources */ = {isa = PBXBuildFile; fileRef = 794FDD8817B3DB4700624BC5 /* domoChoosebutton.png */; };
		794FDD8B17B3DB4700624BC5 /* domoDetailbutton.png in Resources */ = {isa = PBXBuildFile; fileRef = 794FDD8917B3DB4700624BC5 /* domoDetailbutton.png */; };
		794FDD8E17B3DC9600624BC5 /* domoBackbutton.png in Resources */ = {isa = PBXBuildFile; fileRef = 794FDD8C17B3DC9600624BC5 /* domoBackbutton.png */; };
		794FDD8F17B3DC9600624BC5 /* domoInfobutton.png in Resources */ = {isa = PBXBuildFile; fileRef = 794FDD8D17B3DC9600624BC5 /* domoInfobutton.png */; };
		794FDD9317B3E06500624BC5 /* patternsquare_green.png in Resources */ = {isa = PBXBuildFile; fileRef = 794FDD9217B3E06500624BC5 /* patternsquare_green.png */; };
		794FDD9A17B439F400624BC5 /* domoDemoData.json in Resources */ = {isa = PBXBuildFile; fileRef = 794FDD9917B439F400624BC5 /* domoDemoData.json */; };
		794FDD9D17B9243300624BC5 /* SupportArea.m in Sources */ = {isa = PBXBuildFile; fileRef = 794FDD9C17B9243300624BC5 /* SupportArea.m */; };
		794FDDA217B93E1600624BC5 /* MobileCoreServices.framework in Frameworks */ = {isa = PBXBuildFile; fileRef = 794FDD9E17B93E0B00624BC5 /* MobileCoreServices.framework */; };
		794FDDA317B93E1600624BC5 /* SystemConfiguration.framework in Frameworks */ = {isa = PBXBuildFile; fileRef = 794FDD9F17B93E0B00624BC5 /* SystemConfiguration.framework */; };
		794FDDA517B954C500624BC5 /* seedDatabase.sqlite in Resources */ = {isa = PBXBuildFile; fileRef = 794FDDA417B954C500624BC5 /* seedDatabase.sqlite */; };
		795EAD42177A62DD00EEC7AF /* DOWelcomeAndCommunityVC-iPhone.xib in Resources */ = {isa = PBXBuildFile; fileRef = 795EAD41177A62DD00EEC7AF /* DOWelcomeAndCommunityVC-iPhone.xib */; };
		795EAD47177A69FF00EEC7AF /* DomoLogo-header-iphone@2x.png in Resources */ = {isa = PBXBuildFile; fileRef = 795EAD46177A69FF00EEC7AF /* DomoLogo-header-iphone@2x.png */; };
		795EAD4B177A836600EEC7AF /* DORequestAdviceVC.m in Sources */ = {isa = PBXBuildFile; fileRef = 795EAD49177A836600EEC7AF /* DORequestAdviceVC.m */; };
		795EAD4C177A836600EEC7AF /* DORequestAdviceVC-iPhone.xib in Resources */ = {isa = PBXBuildFile; fileRef = 795EAD4A177A836600EEC7AF /* DORequestAdviceVC-iPhone.xib */; };
		795EAD50177B276D00EEC7AF /* DOHomeScreenRootVC.m in Sources */ = {isa = PBXBuildFile; fileRef = 795EAD4E177B276D00EEC7AF /* DOHomeScreenRootVC.m */; };
		795EAD51177B276D00EEC7AF /* DOHomeScreenRootVC-iPhone.xib in Resources */ = {isa = PBXBuildFile; fileRef = 795EAD4F177B276D00EEC7AF /* DOHomeScreenRootVC-iPhone.xib */; };
		795EAD54177B280800EEC7AF /* DOWelcomeAndCommunityVC.m in Sources */ = {isa = PBXBuildFile; fileRef = 795EAD53177B280800EEC7AF /* DOWelcomeAndCommunityVC.m */; };
		795EAD56177B293000EEC7AF /* patternsquare_green@2x.png in Resources */ = {isa = PBXBuildFile; fileRef = 795EAD55177B293000EEC7AF /* patternsquare_green@2x.png */; };
		795EAD63177B4E8C00EEC7AF /* app-logo-57px.png in Resources */ = {isa = PBXBuildFile; fileRef = 795EAD5F177B4E8B00EEC7AF /* app-logo-57px.png */; };
		795EAD64177B4E8C00EEC7AF /* app-logo-57px@2x.png in Resources */ = {isa = PBXBuildFile; fileRef = 795EAD60177B4E8B00EEC7AF /* app-logo-57px@2x.png */; };
		795EAD65177B4E8C00EEC7AF /* app-logo-72px.png in Resources */ = {isa = PBXBuildFile; fileRef = 795EAD61177B4E8B00EEC7AF /* app-logo-72px.png */; };
		795EAD66177B4E8C00EEC7AF /* app-logo-72px@2x.png in Resources */ = {isa = PBXBuildFile; fileRef = 795EAD62177B4E8B00EEC7AF /* app-logo-72px@2x.png */; };
		7977BACB17AB1606005A28AF /* AdviceRequest.m in Sources */ = {isa = PBXBuildFile; fileRef = 7977BACA17AB1606005A28AF /* AdviceRequest.m */; };
		7977BACE17AB1753005A28AF /* Organization.m in Sources */ = {isa = PBXBuildFile; fileRef = 7977BACD17AB1753005A28AF /* Organization.m */; };
		7977BAD117AB176C005A28AF /* Response.m in Sources */ = {isa = PBXBuildFile; fileRef = 7977BAD017AB176C005A28AF /* Response.m */; };
		798A52061779FC7D00939FB8 /* UIKit.framework in Frameworks */ = {isa = PBXBuildFile; fileRef = 798A52051779FC7D00939FB8 /* UIKit.framework */; };
		798A52081779FC7D00939FB8 /* Foundation.framework in Frameworks */ = {isa = PBXBuildFile; fileRef = 798A52071779FC7D00939FB8 /* Foundation.framework */; };
		798A520A1779FC7D00939FB8 /* CoreGraphics.framework in Frameworks */ = {isa = PBXBuildFile; fileRef = 798A52091779FC7D00939FB8 /* CoreGraphics.framework */; };
		798A520C1779FC7D00939FB8 /* CoreData.framework in Frameworks */ = {isa = PBXBuildFile; fileRef = 798A520B1779FC7D00939FB8 /* CoreData.framework */; };
		798A52121779FC7D00939FB8 /* InfoPlist.strings in Resources */ = {isa = PBXBuildFile; fileRef = 798A52101779FC7D00939FB8 /* InfoPlist.strings */; };
		798A52141779FC7D00939FB8 /* main.m in Sources */ = {isa = PBXBuildFile; fileRef = 798A52131779FC7D00939FB8 /* main.m */; };
		798A52181779FC7D00939FB8 /* DOAppDelegate.m in Sources */ = {isa = PBXBuildFile; fileRef = 798A52171779FC7D00939FB8 /* DOAppDelegate.m */; };
		798A52211779FC7D00939FB8 /* Domo.xcdatamodeld in Sources */ = {isa = PBXBuildFile; fileRef = 798A521F1779FC7D00939FB8 /* Domo.xcdatamodeld */; };
		798A52341779FF8300939FB8 /* Arimo-Bold-Latin.ttf in Resources */ = {isa = PBXBuildFile; fileRef = 798A522D1779FF8300939FB8 /* Arimo-Bold-Latin.ttf */; };
		798A52351779FF8300939FB8 /* Arimo-BoldItalic-Latin.ttf in Resources */ = {isa = PBXBuildFile; fileRef = 798A522E1779FF8300939FB8 /* Arimo-BoldItalic-Latin.ttf */; };
		798A52361779FF8300939FB8 /* Arimo-Italic-Latin.ttf in Resources */ = {isa = PBXBuildFile; fileRef = 798A522F1779FF8300939FB8 /* Arimo-Italic-Latin.ttf */; };
		798A52371779FF8300939FB8 /* Arimo-Regular-Latin.ttf in Resources */ = {isa = PBXBuildFile; fileRef = 798A52301779FF8300939FB8 /* Arimo-Regular-Latin.ttf */; };
		798A52381779FF8300939FB8 /* Default-568h@2x.png in Resources */ = {isa = PBXBuildFile; fileRef = 798A52311779FF8300939FB8 /* Default-568h@2x.png */; };
		798A52391779FF8300939FB8 /* Default.png in Resources */ = {isa = PBXBuildFile; fileRef = 798A52321779FF8300939FB8 /* Default.png */; };
		798A523A1779FF8300939FB8 /* Default@2x.png in Resources */ = {isa = PBXBuildFile; fileRef = 798A52331779FF8300939FB8 /* Default@2x.png */; };
		799DD38B17A6CDD500225815 /* NICommonMetrics.m in Sources */ = {isa = PBXBuildFile; fileRef = 799DD33317A6CDD500225815 /* NICommonMetrics.m */; };
		799DD38C17A6CDD500225815 /* NIDataStructures.m in Sources */ = {isa = PBXBuildFile; fileRef = 799DD33517A6CDD500225815 /* NIDataStructures.m */; };
		799DD38D17A6CDD500225815 /* NIDebuggingTools.m in Sources */ = {isa = PBXBuildFile; fileRef = 799DD33717A6CDD500225815 /* NIDebuggingTools.m */; };
		799DD38E17A6CDD500225815 /* NIDeviceOrientation.m in Sources */ = {isa = PBXBuildFile; fileRef = 799DD33917A6CDD500225815 /* NIDeviceOrientation.m */; };
		799DD38F17A6CDD500225815 /* NIError.m in Sources */ = {isa = PBXBuildFile; fileRef = 799DD33B17A6CDD500225815 /* NIError.m */; };
		799DD39017A6CDD500225815 /* NIFoundationMethods.m in Sources */ = {isa = PBXBuildFile; fileRef = 799DD33D17A6CDD500225815 /* NIFoundationMethods.m */; };
		799DD39117A6CDD500225815 /* NIInMemoryCache.m in Sources */ = {isa = PBXBuildFile; fileRef = 799DD33F17A6CDD500225815 /* NIInMemoryCache.m */; };
		799DD39217A6CDD500225815 /* NINavigationAppearance.m in Sources */ = {isa = PBXBuildFile; fileRef = 799DD34417A6CDD500225815 /* NINavigationAppearance.m */; };
		799DD39317A6CDD500225815 /* NINetworkActivity.m in Sources */ = {isa = PBXBuildFile; fileRef = 799DD34617A6CDD500225815 /* NINetworkActivity.m */; };
		799DD39417A6CDD500225815 /* NINonEmptyCollectionTesting.m in Sources */ = {isa = PBXBuildFile; fileRef = 799DD34817A6CDD500225815 /* NINonEmptyCollectionTesting.m */; };
		799DD39517A6CDD500225815 /* NINonRetainingCollections.m in Sources */ = {isa = PBXBuildFile; fileRef = 799DD34A17A6CDD500225815 /* NINonRetainingCollections.m */; };
		799DD39617A6CDD500225815 /* NIOperations.m in Sources */ = {isa = PBXBuildFile; fileRef = 799DD34D17A6CDD500225815 /* NIOperations.m */; };
		799DD39717A6CDD500225815 /* NIPaths.m in Sources */ = {isa = PBXBuildFile; fileRef = 799DD34F17A6CDD500225815 /* NIPaths.m */; };
		799DD39817A6CDD500225815 /* NIRuntimeClassModifications.m in Sources */ = {isa = PBXBuildFile; fileRef = 799DD35217A6CDD500225815 /* NIRuntimeClassModifications.m */; };
		799DD39917A6CDD500225815 /* NISDKAvailability.m in Sources */ = {isa = PBXBuildFile; fileRef = 799DD35417A6CDD500225815 /* NISDKAvailability.m */; };
		799DD39A17A6CDD500225815 /* NIState.m in Sources */ = {isa = PBXBuildFile; fileRef = 799DD35617A6CDD500225815 /* NIState.m */; };
		799DD39B17A6CDD500225815 /* NIViewRecycler.m in Sources */ = {isa = PBXBuildFile; fileRef = 799DD35817A6CDD500225815 /* NIViewRecycler.m */; };
		799DD39C17A6CDD500225815 /* NSData+NimbusCore.m in Sources */ = {isa = PBXBuildFile; fileRef = 799DD35A17A6CDD500225815 /* NSData+NimbusCore.m */; };
		799DD39D17A6CDD500225815 /* NSString+NimbusCore.m in Sources */ = {isa = PBXBuildFile; fileRef = 799DD35C17A6CDD500225815 /* NSString+NimbusCore.m */; };
		799DD39E17A6CDD500225815 /* UIView+NimbusCore.m in Sources */ = {isa = PBXBuildFile; fileRef = 799DD35E17A6CDD500225815 /* UIView+NimbusCore.m */; };
		799DD3B017A6CDD500225815 /* NICellCatalog.m in Sources */ = {isa = PBXBuildFile; fileRef = 799DD37617A6CDD500225815 /* NICellCatalog.m */; };
		799DD3B117A6CDD500225815 /* NICellFactory.m in Sources */ = {isa = PBXBuildFile; fileRef = 799DD37817A6CDD500225815 /* NICellFactory.m */; };
		799DD3B217A6CDD500225815 /* NIFormCellCatalog.m in Sources */ = {isa = PBXBuildFile; fileRef = 799DD37A17A6CDD500225815 /* NIFormCellCatalog.m */; };
		799DD3B317A6CDD500225815 /* NIRadioGroup.m in Sources */ = {isa = PBXBuildFile; fileRef = 799DD37E17A6CDD500225815 /* NIRadioGroup.m */; };
		799DD3B417A6CDD500225815 /* NIRadioGroupController.m in Sources */ = {isa = PBXBuildFile; fileRef = 799DD38017A6CDD500225815 /* NIRadioGroupController.m */; };
		799DD3B517A6CDD500225815 /* NITableViewActions.m in Sources */ = {isa = PBXBuildFile; fileRef = 799DD38217A6CDD500225815 /* NITableViewActions.m */; };
		799DD3B617A6CDD500225815 /* NITableViewModel.m in Sources */ = {isa = PBXBuildFile; fileRef = 799DD38517A6CDD500225815 /* NITableViewModel.m */; };
		799DD3F517A6CDE800225815 /* MagicalImportFunctions.m in Sources */ = {isa = PBXBuildFile; fileRef = 799DD3BD17A6CDE800225815 /* MagicalImportFunctions.m */; };
		799DD3F617A6CDE800225815 /* NSAttributeDescription+MagicalDataImport.m in Sources */ = {isa = PBXBuildFile; fileRef = 799DD3BF17A6CDE800225815 /* NSAttributeDescription+MagicalDataImport.m */; };
		799DD3F717A6CDE800225815 /* NSEntityDescription+MagicalDataImport.m in Sources */ = {isa = PBXBuildFile; fileRef = 799DD3C117A6CDE800225815 /* NSEntityDescription+MagicalDataImport.m */; };
		799DD3F817A6CDE800225815 /* NSNumber+MagicalDataImport.m in Sources */ = {isa = PBXBuildFile; fileRef = 799DD3C317A6CDE800225815 /* NSNumber+MagicalDataImport.m */; };
		799DD3F917A6CDE800225815 /* NSObject+MagicalDataImport.m in Sources */ = {isa = PBXBuildFile; fileRef = 799DD3C517A6CDE800225815 /* NSObject+MagicalDataImport.m */; };
		799DD3FA17A6CDE800225815 /* NSRelationshipDescription+MagicalDataImport.m in Sources */ = {isa = PBXBuildFile; fileRef = 799DD3C717A6CDE800225815 /* NSRelationshipDescription+MagicalDataImport.m */; };
		799DD3FB17A6CDE800225815 /* NSString+MagicalDataImport.m in Sources */ = {isa = PBXBuildFile; fileRef = 799DD3C917A6CDE800225815 /* NSString+MagicalDataImport.m */; };
		799DD3FC17A6CDE800225815 /* NSManagedObject+MagicalAggregation.m in Sources */ = {isa = PBXBuildFile; fileRef = 799DD3CC17A6CDE800225815 /* NSManagedObject+MagicalAggregation.m */; };
		799DD3FD17A6CDE800225815 /* NSManagedObject+MagicalDataImport.m in Sources */ = {isa = PBXBuildFile; fileRef = 799DD3CE17A6CDE800225815 /* NSManagedObject+MagicalDataImport.m */; };
		799DD3FE17A6CDE800225815 /* NSManagedObject+MagicalFinders.m in Sources */ = {isa = PBXBuildFile; fileRef = 799DD3D017A6CDE800225815 /* NSManagedObject+MagicalFinders.m */; };
		799DD3FF17A6CDE800225815 /* NSManagedObject+MagicalRecord.m in Sources */ = {isa = PBXBuildFile; fileRef = 799DD3D217A6CDE800225815 /* NSManagedObject+MagicalRecord.m */; };
		799DD40017A6CDE800225815 /* NSManagedObject+MagicalRequests.m in Sources */ = {isa = PBXBuildFile; fileRef = 799DD3D417A6CDE800225815 /* NSManagedObject+MagicalRequests.m */; };
		799DD40117A6CDE800225815 /* NSManagedObjectContext+MagicalObserving.m in Sources */ = {isa = PBXBuildFile; fileRef = 799DD3D717A6CDE800225815 /* NSManagedObjectContext+MagicalObserving.m */; };
		799DD40217A6CDE800225815 /* NSManagedObjectContext+MagicalRecord.m in Sources */ = {isa = PBXBuildFile; fileRef = 799DD3D917A6CDE800225815 /* NSManagedObjectContext+MagicalRecord.m */; };
		799DD40317A6CDE800225815 /* NSManagedObjectContext+MagicalSaves.m in Sources */ = {isa = PBXBuildFile; fileRef = 799DD3DB17A6CDE800225815 /* NSManagedObjectContext+MagicalSaves.m */; };
		799DD40417A6CDE800225815 /* NSManagedObjectContext+MagicalThreading.m in Sources */ = {isa = PBXBuildFile; fileRef = 799DD3DD17A6CDE800225815 /* NSManagedObjectContext+MagicalThreading.m */; };
		799DD40517A6CDE800225815 /* NSManagedObjectModel+MagicalRecord.m in Sources */ = {isa = PBXBuildFile; fileRef = 799DD3DF17A6CDE800225815 /* NSManagedObjectModel+MagicalRecord.m */; };
		799DD40617A6CDE800225815 /* NSPersistentStore+MagicalRecord.m in Sources */ = {isa = PBXBuildFile; fileRef = 799DD3E117A6CDE800225815 /* NSPersistentStore+MagicalRecord.m */; };
		799DD40717A6CDE800225815 /* NSPersistentStoreCoordinator+MagicalRecord.m in Sources */ = {isa = PBXBuildFile; fileRef = 799DD3E317A6CDE800225815 /* NSPersistentStoreCoordinator+MagicalRecord.m */; };
		799DD40817A6CDE800225815 /* MagicalRecord+Actions.m in Sources */ = {isa = PBXBuildFile; fileRef = 799DD3E617A6CDE800225815 /* MagicalRecord+Actions.m */; };
		799DD40917A6CDE800225815 /* MagicalRecord+ErrorHandling.m in Sources */ = {isa = PBXBuildFile; fileRef = 799DD3E817A6CDE800225815 /* MagicalRecord+ErrorHandling.m */; };
		799DD40A17A6CDE800225815 /* MagicalRecord+iCloud.m in Sources */ = {isa = PBXBuildFile; fileRef = 799DD3EA17A6CDE800225815 /* MagicalRecord+iCloud.m */; };
		799DD40B17A6CDE800225815 /* MagicalRecord+Options.m in Sources */ = {isa = PBXBuildFile; fileRef = 799DD3EC17A6CDE800225815 /* MagicalRecord+Options.m */; };
		799DD40C17A6CDE800225815 /* MagicalRecord+Setup.m in Sources */ = {isa = PBXBuildFile; fileRef = 799DD3EE17A6CDE800225815 /* MagicalRecord+Setup.m */; };
		799DD40D17A6CDE800225815 /* MagicalRecord+ShorthandSupport.m in Sources */ = {isa = PBXBuildFile; fileRef = 799DD3F017A6CDE800225815 /* MagicalRecord+ShorthandSupport.m */; };
		799DD40E17A6CDE800225815 /* MagicalRecord.m in Sources */ = {isa = PBXBuildFile; fileRef = 799DD3F217A6CDE800225815 /* MagicalRecord.m */; };
		79C21112177C8CE800D7F984 /* DOMyQuestionsVC.m in Sources */ = {isa = PBXBuildFile; fileRef = 79C21110177C8CE800D7F984 /* DOMyQuestionsVC.m */; };
		79C21113177C8CE800D7F984 /* DOMyQuestionsVC-iPhone.xib in Resources */ = {isa = PBXBuildFile; fileRef = 79C21111177C8CE800D7F984 /* DOMyQuestionsVC-iPhone.xib */; };
		79C3433D17AF057900410540 /* domoBackbutton@2x.png in Resources */ = {isa = PBXBuildFile; fileRef = 79C3433917AF057900410540 /* domoBackbutton@2x.png */; };
		79C3433E17AF057900410540 /* domoChoosebutton@2x.png in Resources */ = {isa = PBXBuildFile; fileRef = 79C3433A17AF057900410540 /* domoChoosebutton@2x.png */; };
		79C3433F17AF057900410540 /* domoDetailbutton@2x.png in Resources */ = {isa = PBXBuildFile; fileRef = 79C3433B17AF057900410540 /* domoDetailbutton@2x.png */; };
		79C3434017AF057900410540 /* domoInfobutton@2x.png in Resources */ = {isa = PBXBuildFile; fileRef = 79C3433C17AF057900410540 /* domoInfobutton@2x.png */; };
/* End PBXBuildFile section */

/* Begin PBXFileReference section */
		2896700E1507495AB9D81278 /* Pods.xcconfig */ = {isa = PBXFileReference; includeInIndex = 1; lastKnownFileType = text.xcconfig; name = Pods.xcconfig; path = Pods/Pods.xcconfig; sourceTree = SOURCE_ROOT; };
		63EC041A17524A2CA5B2BE0B /* libPods.a */ = {isa = PBXFileReference; explicitFileType = archive.ar; includeInIndex = 0; path = libPods.a; sourceTree = BUILT_PRODUCTS_DIR; };
		790B0811177B7EC3005C6308 /* NoteView.h */ = {isa = PBXFileReference; lastKnownFileType = sourcecode.c.h; name = NoteView.h; path = NoteView/Classes/NoteView.h; sourceTree = SOURCE_ROOT; };
		790B0812177B7EC3005C6308 /* NoteView.m */ = {isa = PBXFileReference; lastKnownFileType = sourcecode.c.objc; name = NoteView.m; path = NoteView/Classes/NoteView.m; sourceTree = SOURCE_ROOT; };
		790B0834177B7F87005C6308 /* NSAttributedString+MGTrim.h */ = {isa = PBXFileReference; fileEncoding = 4; lastKnownFileType = sourcecode.c.h; path = "NSAttributedString+MGTrim.h"; sourceTree = "<group>"; };
		790B0835177B7F87005C6308 /* NSAttributedString+MGTrim.m */ = {isa = PBXFileReference; fileEncoding = 4; lastKnownFileType = sourcecode.c.objc; path = "NSAttributedString+MGTrim.m"; sourceTree = "<group>"; };
		790B0836177B7F87005C6308 /* NSObject+MGEvents.h */ = {isa = PBXFileReference; fileEncoding = 4; lastKnownFileType = sourcecode.c.h; path = "NSObject+MGEvents.h"; sourceTree = "<group>"; };
		790B0837177B7F87005C6308 /* NSObject+MGEvents.m */ = {isa = PBXFileReference; fileEncoding = 4; lastKnownFileType = sourcecode.c.objc; path = "NSObject+MGEvents.m"; sourceTree = "<group>"; };
		790B0838177B7F87005C6308 /* UIColor+MGExpanded.h */ = {isa = PBXFileReference; fileEncoding = 4; lastKnownFileType = sourcecode.c.h; path = "UIColor+MGExpanded.h"; sourceTree = "<group>"; };
		790B0839177B7F87005C6308 /* UIColor+MGExpanded.m */ = {isa = PBXFileReference; fileEncoding = 4; lastKnownFileType = sourcecode.c.objc; path = "UIColor+MGExpanded.m"; sourceTree = "<group>"; };
		790B083A177B7F87005C6308 /* UIControl+MGEvents.h */ = {isa = PBXFileReference; fileEncoding = 4; lastKnownFileType = sourcecode.c.h; path = "UIControl+MGEvents.h"; sourceTree = "<group>"; };
		790B083B177B7F87005C6308 /* UIControl+MGEvents.m */ = {isa = PBXFileReference; fileEncoding = 4; lastKnownFileType = sourcecode.c.objc; path = "UIControl+MGEvents.m"; sourceTree = "<group>"; };
		790B083C177B7F87005C6308 /* UIResponder+FirstResponder.h */ = {isa = PBXFileReference; fileEncoding = 4; lastKnownFileType = sourcecode.c.h; path = "UIResponder+FirstResponder.h"; sourceTree = "<group>"; };
		790B083D177B7F87005C6308 /* UIResponder+FirstResponder.m */ = {isa = PBXFileReference; fileEncoding = 4; lastKnownFileType = sourcecode.c.objc; path = "UIResponder+FirstResponder.m"; sourceTree = "<group>"; };
		790B083E177B7F87005C6308 /* UIView+MGEasyFrame.h */ = {isa = PBXFileReference; fileEncoding = 4; lastKnownFileType = sourcecode.c.h; path = "UIView+MGEasyFrame.h"; sourceTree = "<group>"; };
		790B083F177B7F87005C6308 /* UIView+MGEasyFrame.m */ = {isa = PBXFileReference; fileEncoding = 4; lastKnownFileType = sourcecode.c.objc; path = "UIView+MGEasyFrame.m"; sourceTree = "<group>"; };
		790B0840177B7F87005C6308 /* MGBase.h */ = {isa = PBXFileReference; fileEncoding = 4; lastKnownFileType = sourcecode.c.h; path = MGBase.h; sourceTree = "<group>"; };
		790B0841177B7F87005C6308 /* MGBlockWrapper.h */ = {isa = PBXFileReference; fileEncoding = 4; lastKnownFileType = sourcecode.c.h; path = MGBlockWrapper.h; sourceTree = "<group>"; };
		790B0842177B7F87005C6308 /* MGBlockWrapper.m */ = {isa = PBXFileReference; fileEncoding = 4; lastKnownFileType = sourcecode.c.objc; path = MGBlockWrapper.m; sourceTree = "<group>"; };
		790B0843177B7F87005C6308 /* MGBox.h */ = {isa = PBXFileReference; fileEncoding = 4; lastKnownFileType = sourcecode.c.h; path = MGBox.h; sourceTree = "<group>"; };
		790B0844177B7F87005C6308 /* MGBox.m */ = {isa = PBXFileReference; fileEncoding = 4; lastKnownFileType = sourcecode.c.objc; path = MGBox.m; sourceTree = "<group>"; };
		790B0845177B7F87005C6308 /* MGButton.h */ = {isa = PBXFileReference; fileEncoding = 4; lastKnownFileType = sourcecode.c.h; path = MGButton.h; sourceTree = "<group>"; };
		790B0846177B7F88005C6308 /* MGButton.m */ = {isa = PBXFileReference; fileEncoding = 4; lastKnownFileType = sourcecode.c.objc; path = MGButton.m; sourceTree = "<group>"; };
		790B0847177B7F88005C6308 /* MGLayoutBox.h */ = {isa = PBXFileReference; fileEncoding = 4; lastKnownFileType = sourcecode.c.h; path = MGLayoutBox.h; sourceTree = "<group>"; };
		790B0848177B7F88005C6308 /* MGLayoutManager.h */ = {isa = PBXFileReference; fileEncoding = 4; lastKnownFileType = sourcecode.c.h; path = MGLayoutManager.h; sourceTree = "<group>"; };
		790B0849177B7F88005C6308 /* MGLayoutManager.m */ = {isa = PBXFileReference; fileEncoding = 4; lastKnownFileType = sourcecode.c.objc; path = MGLayoutManager.m; sourceTree = "<group>"; };
		790B084A177B7F88005C6308 /* MGLine.h */ = {isa = PBXFileReference; fileEncoding = 4; lastKnownFileType = sourcecode.c.h; path = MGLine.h; sourceTree = "<group>"; };
		790B084B177B7F88005C6308 /* MGLine.m */ = {isa = PBXFileReference; fileEncoding = 4; lastKnownFileType = sourcecode.c.objc; path = MGLine.m; sourceTree = "<group>"; };
		790B084C177B7F88005C6308 /* MGLineStyled.h */ = {isa = PBXFileReference; fileEncoding = 4; lastKnownFileType = sourcecode.c.h; path = MGLineStyled.h; sourceTree = "<group>"; };
		790B084D177B7F88005C6308 /* MGLineStyled.m */ = {isa = PBXFileReference; fileEncoding = 4; lastKnownFileType = sourcecode.c.objc; path = MGLineStyled.m; sourceTree = "<group>"; };
		790B084E177B7F88005C6308 /* MGMushParser.h */ = {isa = PBXFileReference; fileEncoding = 4; lastKnownFileType = sourcecode.c.h; path = MGMushParser.h; sourceTree = "<group>"; };
		790B084F177B7F88005C6308 /* MGMushParser.m */ = {isa = PBXFileReference; fileEncoding = 4; lastKnownFileType = sourcecode.c.objc; path = MGMushParser.m; sourceTree = "<group>"; };
		790B0850177B7F88005C6308 /* MGScrollView.h */ = {isa = PBXFileReference; fileEncoding = 4; lastKnownFileType = sourcecode.c.h; path = MGScrollView.h; sourceTree = "<group>"; };
		790B0851177B7F88005C6308 /* MGScrollView.m */ = {isa = PBXFileReference; fileEncoding = 4; lastKnownFileType = sourcecode.c.objc; path = MGScrollView.m; sourceTree = "<group>"; };
		790B0852177B7F88005C6308 /* MGTableBox.h */ = {isa = PBXFileReference; fileEncoding = 4; lastKnownFileType = sourcecode.c.h; path = MGTableBox.h; sourceTree = "<group>"; };
		790B0853177B7F88005C6308 /* MGTableBox.m */ = {isa = PBXFileReference; fileEncoding = 4; lastKnownFileType = sourcecode.c.objc; path = MGTableBox.m; sourceTree = "<group>"; };
		790B0854177B7F88005C6308 /* MGTableBoxStyled.h */ = {isa = PBXFileReference; fileEncoding = 4; lastKnownFileType = sourcecode.c.h; path = MGTableBoxStyled.h; sourceTree = "<group>"; };
		790B0855177B7F88005C6308 /* MGTableBoxStyled.m */ = {isa = PBXFileReference; fileEncoding = 4; lastKnownFileType = sourcecode.c.objc; path = MGTableBoxStyled.m; sourceTree = "<group>"; };
		790B0866177B7FD1005C6308 /* AVFoundation.framework */ = {isa = PBXFileReference; lastKnownFileType = wrapper.framework; name = AVFoundation.framework; path = System/Library/Frameworks/AVFoundation.framework; sourceTree = SDKROOT; };
		790B0867177B7FD1005C6308 /* CoreText.framework */ = {isa = PBXFileReference; lastKnownFileType = wrapper.framework; name = CoreText.framework; path = System/Library/Frameworks/CoreText.framework; sourceTree = SDKROOT; };
		790B0868177B7FD1005C6308 /* QuartzCore.framework */ = {isa = PBXFileReference; lastKnownFileType = wrapper.framework; name = QuartzCore.framework; path = System/Library/Frameworks/QuartzCore.framework; sourceTree = SDKROOT; };
		790B0869177B7FD1005C6308 /* CoreGraphics.framework */ = {isa = PBXFileReference; lastKnownFileType = wrapper.framework; name = CoreGraphics.framework; path = System/Library/Frameworks/CoreGraphics.framework; sourceTree = SDKROOT; };
		794FDD8817B3DB4700624BC5 /* domoChoosebutton.png */ = {isa = PBXFileReference; lastKnownFileType = image.png; path = domoChoosebutton.png; sourceTree = "<group>"; };
		794FDD8917B3DB4700624BC5 /* domoDetailbutton.png */ = {isa = PBXFileReference; lastKnownFileType = image.png; path = domoDetailbutton.png; sourceTree = "<group>"; };
		794FDD8C17B3DC9600624BC5 /* domoBackbutton.png */ = {isa = PBXFileReference; lastKnownFileType = image.png; path = domoBackbutton.png; sourceTree = "<group>"; };
		794FDD8D17B3DC9600624BC5 /* domoInfobutton.png */ = {isa = PBXFileReference; lastKnownFileType = image.png; path = domoInfobutton.png; sourceTree = "<group>"; };
		794FDD9217B3E06500624BC5 /* patternsquare_green.png */ = {isa = PBXFileReference; lastKnownFileType = image.png; path = patternsquare_green.png; sourceTree = "<group>"; };
		794FDD9917B439F400624BC5 /* domoDemoData.json */ = {isa = PBXFileReference; fileEncoding = 4; lastKnownFileType = text.json; path = domoDemoData.json; sourceTree = "<group>"; };
		794FDD9B17B9243200624BC5 /* SupportArea.h */ = {isa = PBXFileReference; fileEncoding = 4; lastKnownFileType = sourcecode.c.h; path = SupportArea.h; sourceTree = "<group>"; };
		794FDD9C17B9243300624BC5 /* SupportArea.m */ = {isa = PBXFileReference; fileEncoding = 4; lastKnownFileType = sourcecode.c.objc; path = SupportArea.m; sourceTree = "<group>"; };
		794FDD9E17B93E0B00624BC5 /* MobileCoreServices.framework */ = {isa = PBXFileReference; lastKnownFileType = wrapper.framework; name = MobileCoreServices.framework; path = System/Library/Frameworks/MobileCoreServices.framework; sourceTree = SDKROOT; };
		794FDD9F17B93E0B00624BC5 /* SystemConfiguration.framework */ = {isa = PBXFileReference; lastKnownFileType = wrapper.framework; name = SystemConfiguration.framework; path = System/Library/Frameworks/SystemConfiguration.framework; sourceTree = SDKROOT; };
		794FDDA417B954C500624BC5 /* seedDatabase.sqlite */ = {isa = PBXFileReference; lastKnownFileType = file; path = seedDatabase.sqlite; sourceTree = "<group>"; };
		795EAD41177A62DD00EEC7AF /* DOWelcomeAndCommunityVC-iPhone.xib */ = {isa = PBXFileReference; fileEncoding = 4; lastKnownFileType = file.xib; path = "DOWelcomeAndCommunityVC-iPhone.xib"; sourceTree = "<group>"; };
		795EAD46177A69FF00EEC7AF /* DomoLogo-header-iphone@2x.png */ = {isa = PBXFileReference; lastKnownFileType = image.png; path = "DomoLogo-header-iphone@2x.png"; sourceTree = "<group>"; };
		795EAD48177A836600EEC7AF /* DORequestAdviceVC.h */ = {isa = PBXFileReference; fileEncoding = 4; lastKnownFileType = sourcecode.c.h; path = DORequestAdviceVC.h; sourceTree = "<group>"; };
		795EAD49177A836600EEC7AF /* DORequestAdviceVC.m */ = {isa = PBXFileReference; fileEncoding = 4; lastKnownFileType = sourcecode.c.objc; path = DORequestAdviceVC.m; sourceTree = "<group>"; };
		795EAD4A177A836600EEC7AF /* DORequestAdviceVC-iPhone.xib */ = {isa = PBXFileReference; fileEncoding = 4; lastKnownFileType = file.xib; path = "DORequestAdviceVC-iPhone.xib"; sourceTree = "<group>"; };
		795EAD4D177B276D00EEC7AF /* DOHomeScreenRootVC.h */ = {isa = PBXFileReference; fileEncoding = 4; lastKnownFileType = sourcecode.c.h; path = DOHomeScreenRootVC.h; sourceTree = "<group>"; };
		795EAD4E177B276D00EEC7AF /* DOHomeScreenRootVC.m */ = {isa = PBXFileReference; fileEncoding = 4; lastKnownFileType = sourcecode.c.objc; path = DOHomeScreenRootVC.m; sourceTree = "<group>"; };
		795EAD4F177B276D00EEC7AF /* DOHomeScreenRootVC-iPhone.xib */ = {isa = PBXFileReference; fileEncoding = 4; lastKnownFileType = file.xib; path = "DOHomeScreenRootVC-iPhone.xib"; sourceTree = "<group>"; };
		795EAD52177B280800EEC7AF /* DOWelcomeAndCommunityVC.h */ = {isa = PBXFileReference; fileEncoding = 4; lastKnownFileType = sourcecode.c.h; path = DOWelcomeAndCommunityVC.h; sourceTree = "<group>"; };
		795EAD53177B280800EEC7AF /* DOWelcomeAndCommunityVC.m */ = {isa = PBXFileReference; fileEncoding = 4; lastKnownFileType = sourcecode.c.objc; path = DOWelcomeAndCommunityVC.m; sourceTree = "<group>"; };
		795EAD55177B293000EEC7AF /* patternsquare_green@2x.png */ = {isa = PBXFileReference; lastKnownFileType = image.png; path = "patternsquare_green@2x.png"; sourceTree = "<group>"; };
		795EAD57177B40DD00EEC7AF /* EXDomoConstants.h */ = {isa = PBXFileReference; lastKnownFileType = sourcecode.c.h; path = EXDomoConstants.h; sourceTree = "<group>"; };
		795EAD59177B411A00EEC7AF /* UIViewAdditions+EX.h */ = {isa = PBXFileReference; lastKnownFileType = sourcecode.c.h; path = "UIViewAdditions+EX.h"; sourceTree = "<group>"; };
		795EAD5A177B411A00EEC7AF /* UIViewAdditions+EX.m */ = {isa = PBXFileReference; lastKnownFileType = sourcecode.c.objc; path = "UIViewAdditions+EX.m"; sourceTree = "<group>"; };
		795EAD5B177B411A00EEC7AF /* NSDateAdditions+EX.h */ = {isa = PBXFileReference; lastKnownFileType = sourcecode.c.h; path = "NSDateAdditions+EX.h"; sourceTree = "<group>"; };
		795EAD5C177B411A00EEC7AF /* NSDateAdditions+EX.m */ = {isa = PBXFileReference; lastKnownFileType = sourcecode.c.objc; path = "NSDateAdditions+EX.m"; sourceTree = "<group>"; };
		795EAD5F177B4E8B00EEC7AF /* app-logo-57px.png */ = {isa = PBXFileReference; lastKnownFileType = image.png; path = "app-logo-57px.png"; sourceTree = "<group>"; };
		795EAD60177B4E8B00EEC7AF /* app-logo-57px@2x.png */ = {isa = PBXFileReference; lastKnownFileType = image.png; path = "app-logo-57px@2x.png"; sourceTree = "<group>"; };
		795EAD61177B4E8B00EEC7AF /* app-logo-72px.png */ = {isa = PBXFileReference; lastKnownFileType = image.png; path = "app-logo-72px.png"; sourceTree = "<group>"; };
		795EAD62177B4E8B00EEC7AF /* app-logo-72px@2x.png */ = {isa = PBXFileReference; lastKnownFileType = image.png; path = "app-logo-72px@2x.png"; sourceTree = "<group>"; };
		7977BAC917AB1606005A28AF /* AdviceRequest.h */ = {isa = PBXFileReference; fileEncoding = 4; lastKnownFileType = sourcecode.c.h; path = AdviceRequest.h; sourceTree = "<group>"; };
		7977BACA17AB1606005A28AF /* AdviceRequest.m */ = {isa = PBXFileReference; fileEncoding = 4; lastKnownFileType = sourcecode.c.objc; path = AdviceRequest.m; sourceTree = "<group>"; };
		7977BACC17AB1753005A28AF /* Organization.h */ = {isa = PBXFileReference; fileEncoding = 4; lastKnownFileType = sourcecode.c.h; path = Organization.h; sourceTree = "<group>"; };
		7977BACD17AB1753005A28AF /* Organization.m */ = {isa = PBXFileReference; fileEncoding = 4; lastKnownFileType = sourcecode.c.objc; path = Organization.m; sourceTree = "<group>"; };
		7977BACF17AB176C005A28AF /* Response.h */ = {isa = PBXFileReference; fileEncoding = 4; lastKnownFileType = sourcecode.c.h; path = Response.h; sourceTree = "<group>"; };
		7977BAD017AB176C005A28AF /* Response.m */ = {isa = PBXFileReference; fileEncoding = 4; lastKnownFileType = sourcecode.c.objc; path = Response.m; sourceTree = "<group>"; };
		798A52021779FC7D00939FB8 /* Domo.app */ = {isa = PBXFileReference; explicitFileType = wrapper.application; includeInIndex = 0; path = Domo.app; sourceTree = BUILT_PRODUCTS_DIR; };
		798A52051779FC7D00939FB8 /* UIKit.framework */ = {isa = PBXFileReference; lastKnownFileType = wrapper.framework; name = UIKit.framework; path = System/Library/Frameworks/UIKit.framework; sourceTree = SDKROOT; };
		798A52071779FC7D00939FB8 /* Foundation.framework */ = {isa = PBXFileReference; lastKnownFileType = wrapper.framework; name = Foundation.framework; path = System/Library/Frameworks/Foundation.framework; sourceTree = SDKROOT; };
		798A52091779FC7D00939FB8 /* CoreGraphics.framework */ = {isa = PBXFileReference; lastKnownFileType = wrapper.framework; name = CoreGraphics.framework; path = System/Library/Frameworks/CoreGraphics.framework; sourceTree = SDKROOT; };
		798A520B1779FC7D00939FB8 /* CoreData.framework */ = {isa = PBXFileReference; lastKnownFileType = wrapper.framework; name = CoreData.framework; path = System/Library/Frameworks/CoreData.framework; sourceTree = SDKROOT; };
		798A520F1779FC7D00939FB8 /* Domo-Info.plist */ = {isa = PBXFileReference; lastKnownFileType = text.plist.xml; path = "Domo-Info.plist"; sourceTree = "<group>"; };
		798A52111779FC7D00939FB8 /* en */ = {isa = PBXFileReference; lastKnownFileType = text.plist.strings; name = en; path = en.lproj/InfoPlist.strings; sourceTree = "<group>"; };
		798A52131779FC7D00939FB8 /* main.m */ = {isa = PBXFileReference; lastKnownFileType = sourcecode.c.objc; path = main.m; sourceTree = "<group>"; };
		798A52151779FC7D00939FB8 /* Domo-Prefix.pch */ = {isa = PBXFileReference; lastKnownFileType = sourcecode.c.h; path = "Domo-Prefix.pch"; sourceTree = "<group>"; };
		798A52161779FC7D00939FB8 /* DOAppDelegate.h */ = {isa = PBXFileReference; lastKnownFileType = sourcecode.c.h; path = DOAppDelegate.h; sourceTree = "<group>"; };
		798A52171779FC7D00939FB8 /* DOAppDelegate.m */ = {isa = PBXFileReference; lastKnownFileType = sourcecode.c.objc; path = DOAppDelegate.m; sourceTree = "<group>"; };
		798A52201779FC7D00939FB8 /* Domo.xcdatamodel */ = {isa = PBXFileReference; lastKnownFileType = wrapper.xcdatamodel; path = Domo.xcdatamodel; sourceTree = "<group>"; };
		798A522D1779FF8300939FB8 /* Arimo-Bold-Latin.ttf */ = {isa = PBXFileReference; lastKnownFileType = file; path = "Arimo-Bold-Latin.ttf"; sourceTree = "<group>"; };
		798A522E1779FF8300939FB8 /* Arimo-BoldItalic-Latin.ttf */ = {isa = PBXFileReference; lastKnownFileType = file; path = "Arimo-BoldItalic-Latin.ttf"; sourceTree = "<group>"; };
		798A522F1779FF8300939FB8 /* Arimo-Italic-Latin.ttf */ = {isa = PBXFileReference; lastKnownFileType = file; path = "Arimo-Italic-Latin.ttf"; sourceTree = "<group>"; };
		798A52301779FF8300939FB8 /* Arimo-Regular-Latin.ttf */ = {isa = PBXFileReference; lastKnownFileType = file; path = "Arimo-Regular-Latin.ttf"; sourceTree = "<group>"; };
		798A52311779FF8300939FB8 /* Default-568h@2x.png */ = {isa = PBXFileReference; lastKnownFileType = image.png; path = "Default-568h@2x.png"; sourceTree = "<group>"; };
		798A52321779FF8300939FB8 /* Default.png */ = {isa = PBXFileReference; lastKnownFileType = image.png; path = Default.png; sourceTree = "<group>"; };
		798A52331779FF8300939FB8 /* Default@2x.png */ = {isa = PBXFileReference; lastKnownFileType = image.png; path = "Default@2x.png"; sourceTree = "<group>"; };
		799DD33117A6CDD500225815 /* NIBlocks.h */ = {isa = PBXFileReference; fileEncoding = 4; lastKnownFileType = sourcecode.c.h; path = NIBlocks.h; sourceTree = "<group>"; };
		799DD33217A6CDD500225815 /* NICommonMetrics.h */ = {isa = PBXFileReference; fileEncoding = 4; lastKnownFileType = sourcecode.c.h; path = NICommonMetrics.h; sourceTree = "<group>"; };
		799DD33317A6CDD500225815 /* NICommonMetrics.m */ = {isa = PBXFileReference; fileEncoding = 4; lastKnownFileType = sourcecode.c.objc; path = NICommonMetrics.m; sourceTree = "<group>"; };
		799DD33417A6CDD500225815 /* NIDataStructures.h */ = {isa = PBXFileReference; fileEncoding = 4; lastKnownFileType = sourcecode.c.h; path = NIDataStructures.h; sourceTree = "<group>"; };
		799DD33517A6CDD500225815 /* NIDataStructures.m */ = {isa = PBXFileReference; fileEncoding = 4; lastKnownFileType = sourcecode.c.objc; path = NIDataStructures.m; sourceTree = "<group>"; };
		799DD33617A6CDD500225815 /* NIDebuggingTools.h */ = {isa = PBXFileReference; fileEncoding = 4; lastKnownFileType = sourcecode.c.h; path = NIDebuggingTools.h; sourceTree = "<group>"; };
		799DD33717A6CDD500225815 /* NIDebuggingTools.m */ = {isa = PBXFileReference; fileEncoding = 4; lastKnownFileType = sourcecode.c.objc; path = NIDebuggingTools.m; sourceTree = "<group>"; };
		799DD33817A6CDD500225815 /* NIDeviceOrientation.h */ = {isa = PBXFileReference; fileEncoding = 4; lastKnownFileType = sourcecode.c.h; path = NIDeviceOrientation.h; sourceTree = "<group>"; };
		799DD33917A6CDD500225815 /* NIDeviceOrientation.m */ = {isa = PBXFileReference; fileEncoding = 4; lastKnownFileType = sourcecode.c.objc; path = NIDeviceOrientation.m; sourceTree = "<group>"; };
		799DD33A17A6CDD500225815 /* NIError.h */ = {isa = PBXFileReference; fileEncoding = 4; lastKnownFileType = sourcecode.c.h; path = NIError.h; sourceTree = "<group>"; };
		799DD33B17A6CDD500225815 /* NIError.m */ = {isa = PBXFileReference; fileEncoding = 4; lastKnownFileType = sourcecode.c.objc; path = NIError.m; sourceTree = "<group>"; };
		799DD33C17A6CDD500225815 /* NIFoundationMethods.h */ = {isa = PBXFileReference; fileEncoding = 4; lastKnownFileType = sourcecode.c.h; path = NIFoundationMethods.h; sourceTree = "<group>"; };
		799DD33D17A6CDD500225815 /* NIFoundationMethods.m */ = {isa = PBXFileReference; fileEncoding = 4; lastKnownFileType = sourcecode.c.objc; path = NIFoundationMethods.m; sourceTree = "<group>"; };
		799DD33E17A6CDD500225815 /* NIInMemoryCache.h */ = {isa = PBXFileReference; fileEncoding = 4; lastKnownFileType = sourcecode.c.h; path = NIInMemoryCache.h; sourceTree = "<group>"; };
		799DD33F17A6CDD500225815 /* NIInMemoryCache.m */ = {isa = PBXFileReference; fileEncoding = 4; lastKnownFileType = sourcecode.c.objc; path = NIInMemoryCache.m; sourceTree = "<group>"; };
		799DD34017A6CDD500225815 /* NimbusCore+Additions.h */ = {isa = PBXFileReference; fileEncoding = 4; lastKnownFileType = sourcecode.c.h; path = "NimbusCore+Additions.h"; sourceTree = "<group>"; };
		799DD34117A6CDD500225815 /* NimbusCore+Namespace.h */ = {isa = PBXFileReference; fileEncoding = 4; lastKnownFileType = sourcecode.c.h; path = "NimbusCore+Namespace.h"; sourceTree = "<group>"; };
		799DD34217A6CDD500225815 /* NimbusCore.h */ = {isa = PBXFileReference; fileEncoding = 4; lastKnownFileType = sourcecode.c.h; path = NimbusCore.h; sourceTree = "<group>"; };
		799DD34317A6CDD500225815 /* NINavigationAppearance.h */ = {isa = PBXFileReference; fileEncoding = 4; lastKnownFileType = sourcecode.c.h; path = NINavigationAppearance.h; sourceTree = "<group>"; };
		799DD34417A6CDD500225815 /* NINavigationAppearance.m */ = {isa = PBXFileReference; fileEncoding = 4; lastKnownFileType = sourcecode.c.objc; path = NINavigationAppearance.m; sourceTree = "<group>"; };
		799DD34517A6CDD500225815 /* NINetworkActivity.h */ = {isa = PBXFileReference; fileEncoding = 4; lastKnownFileType = sourcecode.c.h; path = NINetworkActivity.h; sourceTree = "<group>"; };
		799DD34617A6CDD500225815 /* NINetworkActivity.m */ = {isa = PBXFileReference; fileEncoding = 4; lastKnownFileType = sourcecode.c.objc; path = NINetworkActivity.m; sourceTree = "<group>"; };
		799DD34717A6CDD500225815 /* NINonEmptyCollectionTesting.h */ = {isa = PBXFileReference; fileEncoding = 4; lastKnownFileType = sourcecode.c.h; path = NINonEmptyCollectionTesting.h; sourceTree = "<group>"; };
		799DD34817A6CDD500225815 /* NINonEmptyCollectionTesting.m */ = {isa = PBXFileReference; fileEncoding = 4; lastKnownFileType = sourcecode.c.objc; path = NINonEmptyCollectionTesting.m; sourceTree = "<group>"; };
		799DD34917A6CDD500225815 /* NINonRetainingCollections.h */ = {isa = PBXFileReference; fileEncoding = 4; lastKnownFileType = sourcecode.c.h; path = NINonRetainingCollections.h; sourceTree = "<group>"; };
		799DD34A17A6CDD500225815 /* NINonRetainingCollections.m */ = {isa = PBXFileReference; fileEncoding = 4; lastKnownFileType = sourcecode.c.objc; path = NINonRetainingCollections.m; sourceTree = "<group>"; };
		799DD34B17A6CDD500225815 /* NIOperations+Subclassing.h */ = {isa = PBXFileReference; fileEncoding = 4; lastKnownFileType = sourcecode.c.h; path = "NIOperations+Subclassing.h"; sourceTree = "<group>"; };
		799DD34C17A6CDD500225815 /* NIOperations.h */ = {isa = PBXFileReference; fileEncoding = 4; lastKnownFileType = sourcecode.c.h; path = NIOperations.h; sourceTree = "<group>"; };
		799DD34D17A6CDD500225815 /* NIOperations.m */ = {isa = PBXFileReference; fileEncoding = 4; lastKnownFileType = sourcecode.c.objc; path = NIOperations.m; sourceTree = "<group>"; };
		799DD34E17A6CDD500225815 /* NIPaths.h */ = {isa = PBXFileReference; fileEncoding = 4; lastKnownFileType = sourcecode.c.h; path = NIPaths.h; sourceTree = "<group>"; };
		799DD34F17A6CDD500225815 /* NIPaths.m */ = {isa = PBXFileReference; fileEncoding = 4; lastKnownFileType = sourcecode.c.objc; path = NIPaths.m; sourceTree = "<group>"; };
		799DD35017A6CDD500225815 /* NIPreprocessorMacros.h */ = {isa = PBXFileReference; fileEncoding = 4; lastKnownFileType = sourcecode.c.h; path = NIPreprocessorMacros.h; sourceTree = "<group>"; };
		799DD35117A6CDD500225815 /* NIRuntimeClassModifications.h */ = {isa = PBXFileReference; fileEncoding = 4; lastKnownFileType = sourcecode.c.h; path = NIRuntimeClassModifications.h; sourceTree = "<group>"; };
		799DD35217A6CDD500225815 /* NIRuntimeClassModifications.m */ = {isa = PBXFileReference; fileEncoding = 4; lastKnownFileType = sourcecode.c.objc; path = NIRuntimeClassModifications.m; sourceTree = "<group>"; };
		799DD35317A6CDD500225815 /* NISDKAvailability.h */ = {isa = PBXFileReference; fileEncoding = 4; lastKnownFileType = sourcecode.c.h; path = NISDKAvailability.h; sourceTree = "<group>"; };
		799DD35417A6CDD500225815 /* NISDKAvailability.m */ = {isa = PBXFileReference; fileEncoding = 4; lastKnownFileType = sourcecode.c.objc; path = NISDKAvailability.m; sourceTree = "<group>"; };
		799DD35517A6CDD500225815 /* NIState.h */ = {isa = PBXFileReference; fileEncoding = 4; lastKnownFileType = sourcecode.c.h; path = NIState.h; sourceTree = "<group>"; };
		799DD35617A6CDD500225815 /* NIState.m */ = {isa = PBXFileReference; fileEncoding = 4; lastKnownFileType = sourcecode.c.objc; path = NIState.m; sourceTree = "<group>"; };
		799DD35717A6CDD500225815 /* NIViewRecycler.h */ = {isa = PBXFileReference; fileEncoding = 4; lastKnownFileType = sourcecode.c.h; path = NIViewRecycler.h; sourceTree = "<group>"; };
		799DD35817A6CDD500225815 /* NIViewRecycler.m */ = {isa = PBXFileReference; fileEncoding = 4; lastKnownFileType = sourcecode.c.objc; path = NIViewRecycler.m; sourceTree = "<group>"; };
		799DD35917A6CDD500225815 /* NSData+NimbusCore.h */ = {isa = PBXFileReference; fileEncoding = 4; lastKnownFileType = sourcecode.c.h; path = "NSData+NimbusCore.h"; sourceTree = "<group>"; };
		799DD35A17A6CDD500225815 /* NSData+NimbusCore.m */ = {isa = PBXFileReference; fileEncoding = 4; lastKnownFileType = sourcecode.c.objc; path = "NSData+NimbusCore.m"; sourceTree = "<group>"; };
		799DD35B17A6CDD500225815 /* NSString+NimbusCore.h */ = {isa = PBXFileReference; fileEncoding = 4; lastKnownFileType = sourcecode.c.h; path = "NSString+NimbusCore.h"; sourceTree = "<group>"; };
		799DD35C17A6CDD500225815 /* NSString+NimbusCore.m */ = {isa = PBXFileReference; fileEncoding = 4; lastKnownFileType = sourcecode.c.objc; path = "NSString+NimbusCore.m"; sourceTree = "<group>"; };
		799DD35D17A6CDD500225815 /* UIView+NimbusCore.h */ = {isa = PBXFileReference; fileEncoding = 4; lastKnownFileType = sourcecode.c.h; path = "UIView+NimbusCore.h"; sourceTree = "<group>"; };
		799DD35E17A6CDD500225815 /* UIView+NimbusCore.m */ = {isa = PBXFileReference; fileEncoding = 4; lastKnownFileType = sourcecode.c.objc; path = "UIView+NimbusCore.m"; sourceTree = "<group>"; };
		799DD37517A6CDD500225815 /* NICellCatalog.h */ = {isa = PBXFileReference; fileEncoding = 4; lastKnownFileType = sourcecode.c.h; path = NICellCatalog.h; sourceTree = "<group>"; };
		799DD37617A6CDD500225815 /* NICellCatalog.m */ = {isa = PBXFileReference; fileEncoding = 4; lastKnownFileType = sourcecode.c.objc; path = NICellCatalog.m; sourceTree = "<group>"; };
		799DD37717A6CDD500225815 /* NICellFactory.h */ = {isa = PBXFileReference; fileEncoding = 4; lastKnownFileType = sourcecode.c.h; path = NICellFactory.h; sourceTree = "<group>"; };
		799DD37817A6CDD500225815 /* NICellFactory.m */ = {isa = PBXFileReference; fileEncoding = 4; lastKnownFileType = sourcecode.c.objc; path = NICellFactory.m; sourceTree = "<group>"; };
		799DD37917A6CDD500225815 /* NIFormCellCatalog.h */ = {isa = PBXFileReference; fileEncoding = 4; lastKnownFileType = sourcecode.c.h; path = NIFormCellCatalog.h; sourceTree = "<group>"; };
		799DD37A17A6CDD500225815 /* NIFormCellCatalog.m */ = {isa = PBXFileReference; fileEncoding = 4; lastKnownFileType = sourcecode.c.objc; path = NIFormCellCatalog.m; sourceTree = "<group>"; };
		799DD37B17A6CDD500225815 /* NimbusModels+Namespace.h */ = {isa = PBXFileReference; fileEncoding = 4; lastKnownFileType = sourcecode.c.h; path = "NimbusModels+Namespace.h"; sourceTree = "<group>"; };
		799DD37C17A6CDD500225815 /* NimbusModels.h */ = {isa = PBXFileReference; fileEncoding = 4; lastKnownFileType = sourcecode.c.h; path = NimbusModels.h; sourceTree = "<group>"; };
		799DD37D17A6CDD500225815 /* NIRadioGroup.h */ = {isa = PBXFileReference; fileEncoding = 4; lastKnownFileType = sourcecode.c.h; path = NIRadioGroup.h; sourceTree = "<group>"; };
		799DD37E17A6CDD500225815 /* NIRadioGroup.m */ = {isa = PBXFileReference; fileEncoding = 4; lastKnownFileType = sourcecode.c.objc; path = NIRadioGroup.m; sourceTree = "<group>"; };
		799DD37F17A6CDD500225815 /* NIRadioGroupController.h */ = {isa = PBXFileReference; fileEncoding = 4; lastKnownFileType = sourcecode.c.h; path = NIRadioGroupController.h; sourceTree = "<group>"; };
		799DD38017A6CDD500225815 /* NIRadioGroupController.m */ = {isa = PBXFileReference; fileEncoding = 4; lastKnownFileType = sourcecode.c.objc; path = NIRadioGroupController.m; sourceTree = "<group>"; };
		799DD38117A6CDD500225815 /* NITableViewActions.h */ = {isa = PBXFileReference; fileEncoding = 4; lastKnownFileType = sourcecode.c.h; path = NITableViewActions.h; sourceTree = "<group>"; };
		799DD38217A6CDD500225815 /* NITableViewActions.m */ = {isa = PBXFileReference; fileEncoding = 4; lastKnownFileType = sourcecode.c.objc; path = NITableViewActions.m; sourceTree = "<group>"; };
		799DD38317A6CDD500225815 /* NITableViewModel+Private.h */ = {isa = PBXFileReference; fileEncoding = 4; lastKnownFileType = sourcecode.c.h; path = "NITableViewModel+Private.h"; sourceTree = "<group>"; };
		799DD38417A6CDD500225815 /* NITableViewModel.h */ = {isa = PBXFileReference; fileEncoding = 4; lastKnownFileType = sourcecode.c.h; path = NITableViewModel.h; sourceTree = "<group>"; };
		799DD38517A6CDD500225815 /* NITableViewModel.m */ = {isa = PBXFileReference; fileEncoding = 4; lastKnownFileType = sourcecode.c.objc; path = NITableViewModel.m; sourceTree = "<group>"; };
		799DD3BC17A6CDE800225815 /* MagicalImportFunctions.h */ = {isa = PBXFileReference; fileEncoding = 4; lastKnownFileType = sourcecode.c.h; path = MagicalImportFunctions.h; sourceTree = "<group>"; };
		799DD3BD17A6CDE800225815 /* MagicalImportFunctions.m */ = {isa = PBXFileReference; fileEncoding = 4; lastKnownFileType = sourcecode.c.objc; path = MagicalImportFunctions.m; sourceTree = "<group>"; };
		799DD3BE17A6CDE800225815 /* NSAttributeDescription+MagicalDataImport.h */ = {isa = PBXFileReference; fileEncoding = 4; lastKnownFileType = sourcecode.c.h; path = "NSAttributeDescription+MagicalDataImport.h"; sourceTree = "<group>"; };
		799DD3BF17A6CDE800225815 /* NSAttributeDescription+MagicalDataImport.m */ = {isa = PBXFileReference; fileEncoding = 4; lastKnownFileType = sourcecode.c.objc; path = "NSAttributeDescription+MagicalDataImport.m"; sourceTree = "<group>"; };
		799DD3C017A6CDE800225815 /* NSEntityDescription+MagicalDataImport.h */ = {isa = PBXFileReference; fileEncoding = 4; lastKnownFileType = sourcecode.c.h; path = "NSEntityDescription+MagicalDataImport.h"; sourceTree = "<group>"; };
		799DD3C117A6CDE800225815 /* NSEntityDescription+MagicalDataImport.m */ = {isa = PBXFileReference; fileEncoding = 4; lastKnownFileType = sourcecode.c.objc; path = "NSEntityDescription+MagicalDataImport.m"; sourceTree = "<group>"; };
		799DD3C217A6CDE800225815 /* NSNumber+MagicalDataImport.h */ = {isa = PBXFileReference; fileEncoding = 4; lastKnownFileType = sourcecode.c.h; path = "NSNumber+MagicalDataImport.h"; sourceTree = "<group>"; };
		799DD3C317A6CDE800225815 /* NSNumber+MagicalDataImport.m */ = {isa = PBXFileReference; fileEncoding = 4; lastKnownFileType = sourcecode.c.objc; path = "NSNumber+MagicalDataImport.m"; sourceTree = "<group>"; };
		799DD3C417A6CDE800225815 /* NSObject+MagicalDataImport.h */ = {isa = PBXFileReference; fileEncoding = 4; lastKnownFileType = sourcecode.c.h; path = "NSObject+MagicalDataImport.h"; sourceTree = "<group>"; };
		799DD3C517A6CDE800225815 /* NSObject+MagicalDataImport.m */ = {isa = PBXFileReference; fileEncoding = 4; lastKnownFileType = sourcecode.c.objc; path = "NSObject+MagicalDataImport.m"; sourceTree = "<group>"; };
		799DD3C617A6CDE800225815 /* NSRelationshipDescription+MagicalDataImport.h */ = {isa = PBXFileReference; fileEncoding = 4; lastKnownFileType = sourcecode.c.h; path = "NSRelationshipDescription+MagicalDataImport.h"; sourceTree = "<group>"; };
		799DD3C717A6CDE800225815 /* NSRelationshipDescription+MagicalDataImport.m */ = {isa = PBXFileReference; fileEncoding = 4; lastKnownFileType = sourcecode.c.objc; path = "NSRelationshipDescription+MagicalDataImport.m"; sourceTree = "<group>"; };
		799DD3C817A6CDE800225815 /* NSString+MagicalDataImport.h */ = {isa = PBXFileReference; fileEncoding = 4; lastKnownFileType = sourcecode.c.h; path = "NSString+MagicalDataImport.h"; sourceTree = "<group>"; };
		799DD3C917A6CDE800225815 /* NSString+MagicalDataImport.m */ = {isa = PBXFileReference; fileEncoding = 4; lastKnownFileType = sourcecode.c.objc; path = "NSString+MagicalDataImport.m"; sourceTree = "<group>"; };
		799DD3CB17A6CDE800225815 /* NSManagedObject+MagicalAggregation.h */ = {isa = PBXFileReference; fileEncoding = 4; lastKnownFileType = sourcecode.c.h; path = "NSManagedObject+MagicalAggregation.h"; sourceTree = "<group>"; };
		799DD3CC17A6CDE800225815 /* NSManagedObject+MagicalAggregation.m */ = {isa = PBXFileReference; fileEncoding = 4; lastKnownFileType = sourcecode.c.objc; path = "NSManagedObject+MagicalAggregation.m"; sourceTree = "<group>"; };
		799DD3CD17A6CDE800225815 /* NSManagedObject+MagicalDataImport.h */ = {isa = PBXFileReference; fileEncoding = 4; lastKnownFileType = sourcecode.c.h; path = "NSManagedObject+MagicalDataImport.h"; sourceTree = "<group>"; };
		799DD3CE17A6CDE800225815 /* NSManagedObject+MagicalDataImport.m */ = {isa = PBXFileReference; fileEncoding = 4; lastKnownFileType = sourcecode.c.objc; path = "NSManagedObject+MagicalDataImport.m"; sourceTree = "<group>"; };
		799DD3CF17A6CDE800225815 /* NSManagedObject+MagicalFinders.h */ = {isa = PBXFileReference; fileEncoding = 4; lastKnownFileType = sourcecode.c.h; path = "NSManagedObject+MagicalFinders.h"; sourceTree = "<group>"; };
		799DD3D017A6CDE800225815 /* NSManagedObject+MagicalFinders.m */ = {isa = PBXFileReference; fileEncoding = 4; lastKnownFileType = sourcecode.c.objc; path = "NSManagedObject+MagicalFinders.m"; sourceTree = "<group>"; };
		799DD3D117A6CDE800225815 /* NSManagedObject+MagicalRecord.h */ = {isa = PBXFileReference; fileEncoding = 4; lastKnownFileType = sourcecode.c.h; path = "NSManagedObject+MagicalRecord.h"; sourceTree = "<group>"; };
		799DD3D217A6CDE800225815 /* NSManagedObject+MagicalRecord.m */ = {isa = PBXFileReference; fileEncoding = 4; lastKnownFileType = sourcecode.c.objc; path = "NSManagedObject+MagicalRecord.m"; sourceTree = "<group>"; };
		799DD3D317A6CDE800225815 /* NSManagedObject+MagicalRequests.h */ = {isa = PBXFileReference; fileEncoding = 4; lastKnownFileType = sourcecode.c.h; path = "NSManagedObject+MagicalRequests.h"; sourceTree = "<group>"; };
		799DD3D417A6CDE800225815 /* NSManagedObject+MagicalRequests.m */ = {isa = PBXFileReference; fileEncoding = 4; lastKnownFileType = sourcecode.c.objc; path = "NSManagedObject+MagicalRequests.m"; sourceTree = "<group>"; };
		799DD3D617A6CDE800225815 /* NSManagedObjectContext+MagicalObserving.h */ = {isa = PBXFileReference; fileEncoding = 4; lastKnownFileType = sourcecode.c.h; path = "NSManagedObjectContext+MagicalObserving.h"; sourceTree = "<group>"; };
		799DD3D717A6CDE800225815 /* NSManagedObjectContext+MagicalObserving.m */ = {isa = PBXFileReference; fileEncoding = 4; lastKnownFileType = sourcecode.c.objc; path = "NSManagedObjectContext+MagicalObserving.m"; sourceTree = "<group>"; };
		799DD3D817A6CDE800225815 /* NSManagedObjectContext+MagicalRecord.h */ = {isa = PBXFileReference; fileEncoding = 4; lastKnownFileType = sourcecode.c.h; path = "NSManagedObjectContext+MagicalRecord.h"; sourceTree = "<group>"; };
		799DD3D917A6CDE800225815 /* NSManagedObjectContext+MagicalRecord.m */ = {isa = PBXFileReference; fileEncoding = 4; lastKnownFileType = sourcecode.c.objc; path = "NSManagedObjectContext+MagicalRecord.m"; sourceTree = "<group>"; };
		799DD3DA17A6CDE800225815 /* NSManagedObjectContext+MagicalSaves.h */ = {isa = PBXFileReference; fileEncoding = 4; lastKnownFileType = sourcecode.c.h; path = "NSManagedObjectContext+MagicalSaves.h"; sourceTree = "<group>"; };
		799DD3DB17A6CDE800225815 /* NSManagedObjectContext+MagicalSaves.m */ = {isa = PBXFileReference; fileEncoding = 4; lastKnownFileType = sourcecode.c.objc; path = "NSManagedObjectContext+MagicalSaves.m"; sourceTree = "<group>"; };
		799DD3DC17A6CDE800225815 /* NSManagedObjectContext+MagicalThreading.h */ = {isa = PBXFileReference; fileEncoding = 4; lastKnownFileType = sourcecode.c.h; path = "NSManagedObjectContext+MagicalThreading.h"; sourceTree = "<group>"; };
		799DD3DD17A6CDE800225815 /* NSManagedObjectContext+MagicalThreading.m */ = {isa = PBXFileReference; fileEncoding = 4; lastKnownFileType = sourcecode.c.objc; path = "NSManagedObjectContext+MagicalThreading.m"; sourceTree = "<group>"; };
		799DD3DE17A6CDE800225815 /* NSManagedObjectModel+MagicalRecord.h */ = {isa = PBXFileReference; fileEncoding = 4; lastKnownFileType = sourcecode.c.h; path = "NSManagedObjectModel+MagicalRecord.h"; sourceTree = "<group>"; };
		799DD3DF17A6CDE800225815 /* NSManagedObjectModel+MagicalRecord.m */ = {isa = PBXFileReference; fileEncoding = 4; lastKnownFileType = sourcecode.c.objc; path = "NSManagedObjectModel+MagicalRecord.m"; sourceTree = "<group>"; };
		799DD3E017A6CDE800225815 /* NSPersistentStore+MagicalRecord.h */ = {isa = PBXFileReference; fileEncoding = 4; lastKnownFileType = sourcecode.c.h; path = "NSPersistentStore+MagicalRecord.h"; sourceTree = "<group>"; };
		799DD3E117A6CDE800225815 /* NSPersistentStore+MagicalRecord.m */ = {isa = PBXFileReference; fileEncoding = 4; lastKnownFileType = sourcecode.c.objc; path = "NSPersistentStore+MagicalRecord.m"; sourceTree = "<group>"; };
		799DD3E217A6CDE800225815 /* NSPersistentStoreCoordinator+MagicalRecord.h */ = {isa = PBXFileReference; fileEncoding = 4; lastKnownFileType = sourcecode.c.h; path = "NSPersistentStoreCoordinator+MagicalRecord.h"; sourceTree = "<group>"; };
		799DD3E317A6CDE800225815 /* NSPersistentStoreCoordinator+MagicalRecord.m */ = {isa = PBXFileReference; fileEncoding = 4; lastKnownFileType = sourcecode.c.objc; path = "NSPersistentStoreCoordinator+MagicalRecord.m"; sourceTree = "<group>"; };
		799DD3E517A6CDE800225815 /* MagicalRecord+Actions.h */ = {isa = PBXFileReference; fileEncoding = 4; lastKnownFileType = sourcecode.c.h; path = "MagicalRecord+Actions.h"; sourceTree = "<group>"; };
		799DD3E617A6CDE800225815 /* MagicalRecord+Actions.m */ = {isa = PBXFileReference; fileEncoding = 4; lastKnownFileType = sourcecode.c.objc; path = "MagicalRecord+Actions.m"; sourceTree = "<group>"; };
		799DD3E717A6CDE800225815 /* MagicalRecord+ErrorHandling.h */ = {isa = PBXFileReference; fileEncoding = 4; lastKnownFileType = sourcecode.c.h; path = "MagicalRecord+ErrorHandling.h"; sourceTree = "<group>"; };
		799DD3E817A6CDE800225815 /* MagicalRecord+ErrorHandling.m */ = {isa = PBXFileReference; fileEncoding = 4; lastKnownFileType = sourcecode.c.objc; path = "MagicalRecord+ErrorHandling.m"; sourceTree = "<group>"; };
		799DD3E917A6CDE800225815 /* MagicalRecord+iCloud.h */ = {isa = PBXFileReference; fileEncoding = 4; lastKnownFileType = sourcecode.c.h; path = "MagicalRecord+iCloud.h"; sourceTree = "<group>"; };
		799DD3EA17A6CDE800225815 /* MagicalRecord+iCloud.m */ = {isa = PBXFileReference; fileEncoding = 4; lastKnownFileType = sourcecode.c.objc; path = "MagicalRecord+iCloud.m"; sourceTree = "<group>"; };
		799DD3EB17A6CDE800225815 /* MagicalRecord+Options.h */ = {isa = PBXFileReference; fileEncoding = 4; lastKnownFileType = sourcecode.c.h; path = "MagicalRecord+Options.h"; sourceTree = "<group>"; };
		799DD3EC17A6CDE800225815 /* MagicalRecord+Options.m */ = {isa = PBXFileReference; fileEncoding = 4; lastKnownFileType = sourcecode.c.objc; path = "MagicalRecord+Options.m"; sourceTree = "<group>"; };
		799DD3ED17A6CDE800225815 /* MagicalRecord+Setup.h */ = {isa = PBXFileReference; fileEncoding = 4; lastKnownFileType = sourcecode.c.h; path = "MagicalRecord+Setup.h"; sourceTree = "<group>"; };
		799DD3EE17A6CDE800225815 /* MagicalRecord+Setup.m */ = {isa = PBXFileReference; fileEncoding = 4; lastKnownFileType = sourcecode.c.objc; path = "MagicalRecord+Setup.m"; sourceTree = "<group>"; };
		799DD3EF17A6CDE800225815 /* MagicalRecord+ShorthandSupport.h */ = {isa = PBXFileReference; fileEncoding = 4; lastKnownFileType = sourcecode.c.h; path = "MagicalRecord+ShorthandSupport.h"; sourceTree = "<group>"; };
		799DD3F017A6CDE800225815 /* MagicalRecord+ShorthandSupport.m */ = {isa = PBXFileReference; fileEncoding = 4; lastKnownFileType = sourcecode.c.objc; path = "MagicalRecord+ShorthandSupport.m"; sourceTree = "<group>"; };
		799DD3F117A6CDE800225815 /* MagicalRecord.h */ = {isa = PBXFileReference; fileEncoding = 4; lastKnownFileType = sourcecode.c.h; path = MagicalRecord.h; sourceTree = "<group>"; };
		799DD3F217A6CDE800225815 /* MagicalRecord.m */ = {isa = PBXFileReference; fileEncoding = 4; lastKnownFileType = sourcecode.c.objc; path = MagicalRecord.m; sourceTree = "<group>"; };
		799DD3F317A6CDE800225815 /* MagicalRecordShorthand.h */ = {isa = PBXFileReference; fileEncoding = 4; lastKnownFileType = sourcecode.c.h; path = MagicalRecordShorthand.h; sourceTree = "<group>"; };
		799DD3F417A6CDE800225815 /* CoreData+MagicalRecord.h */ = {isa = PBXFileReference; fileEncoding = 4; lastKnownFileType = sourcecode.c.h; path = "CoreData+MagicalRecord.h"; sourceTree = "<group>"; };
		79C2110F177C8CE800D7F984 /* DOMyQuestionsVC.h */ = {isa = PBXFileReference; fileEncoding = 4; lastKnownFileType = sourcecode.c.h; path = DOMyQuestionsVC.h; sourceTree = "<group>"; };
		79C21110177C8CE800D7F984 /* DOMyQuestionsVC.m */ = {isa = PBXFileReference; fileEncoding = 4; lastKnownFileType = sourcecode.c.objc; path = DOMyQuestionsVC.m; sourceTree = "<group>"; };
		79C21111177C8CE800D7F984 /* DOMyQuestionsVC-iPhone.xib */ = {isa = PBXFileReference; fileEncoding = 4; lastKnownFileType = file.xib; path = "DOMyQuestionsVC-iPhone.xib"; sourceTree = "<group>"; };
		79C3433917AF057900410540 /* domoBackbutton@2x.png */ = {isa = PBXFileReference; lastKnownFileType = image.png; path = "domoBackbutton@2x.png"; sourceTree = "<group>"; };
		79C3433A17AF057900410540 /* domoChoosebutton@2x.png */ = {isa = PBXFileReference; lastKnownFileType = image.png; path = "domoChoosebutton@2x.png"; sourceTree = "<group>"; };
		79C3433B17AF057900410540 /* domoDetailbutton@2x.png */ = {isa = PBXFileReference; lastKnownFileType = image.png; path = "domoDetailbutton@2x.png"; sourceTree = "<group>"; };
		79C3433C17AF057900410540 /* domoInfobutton@2x.png */ = {isa = PBXFileReference; lastKnownFileType = image.png; path = "domoInfobutton@2x.png"; sourceTree = "<group>"; };
/* End PBXFileReference section */

/* Begin PBXFrameworksBuildPhase section */
		798A51FF1779FC7D00939FB8 /* Frameworks */ = {
			isa = PBXFrameworksBuildPhase;
			buildActionMask = 2147483647;
			files = (
				794FDDA217B93E1600624BC5 /* MobileCoreServices.framework in Frameworks */,
				794FDDA317B93E1600624BC5 /* SystemConfiguration.framework in Frameworks */,
				798A52061779FC7D00939FB8 /* UIKit.framework in Frameworks */,
				798A52081779FC7D00939FB8 /* Foundation.framework in Frameworks */,
				798A520A1779FC7D00939FB8 /* CoreGraphics.framework in Frameworks */,
				798A520C1779FC7D00939FB8 /* CoreData.framework in Frameworks */,
				790B086A177B7FD1005C6308 /* AVFoundation.framework in Frameworks */,
				790B086B177B7FD1005C6308 /* CoreText.framework in Frameworks */,
				790B086C177B7FD1005C6308 /* QuartzCore.framework in Frameworks */,
				790B086D177B7FD1005C6308 /* CoreGraphics.framework in Frameworks */,
				4A41458F9E1F42CEA6DB3861 /* libPods.a in Frameworks */,
			);
			runOnlyForDeploymentPostprocessing = 0;
		};
/* End PBXFrameworksBuildPhase section */

/* Begin PBXGroup section */
		790B0832177B7F87005C6308 /* MGBox */ = {
			isa = PBXGroup;
			children = (
				790B0833177B7F87005C6308 /* Categories */,
				790B0840177B7F87005C6308 /* MGBase.h */,
				790B0841177B7F87005C6308 /* MGBlockWrapper.h */,
				790B0842177B7F87005C6308 /* MGBlockWrapper.m */,
				790B0843177B7F87005C6308 /* MGBox.h */,
				790B0844177B7F87005C6308 /* MGBox.m */,
				790B0845177B7F87005C6308 /* MGButton.h */,
				790B0846177B7F88005C6308 /* MGButton.m */,
				790B0847177B7F88005C6308 /* MGLayoutBox.h */,
				790B0848177B7F88005C6308 /* MGLayoutManager.h */,
				790B0849177B7F88005C6308 /* MGLayoutManager.m */,
				790B084A177B7F88005C6308 /* MGLine.h */,
				790B084B177B7F88005C6308 /* MGLine.m */,
				790B084C177B7F88005C6308 /* MGLineStyled.h */,
				790B084D177B7F88005C6308 /* MGLineStyled.m */,
				790B084E177B7F88005C6308 /* MGMushParser.h */,
				790B084F177B7F88005C6308 /* MGMushParser.m */,
				790B0850177B7F88005C6308 /* MGScrollView.h */,
				790B0851177B7F88005C6308 /* MGScrollView.m */,
				790B0852177B7F88005C6308 /* MGTableBox.h */,
				790B0853177B7F88005C6308 /* MGTableBox.m */,
				790B0854177B7F88005C6308 /* MGTableBoxStyled.h */,
				790B0855177B7F88005C6308 /* MGTableBoxStyled.m */,
			);
			name = MGBox;
			path = MGBox2/MGBox;
			sourceTree = SOURCE_ROOT;
		};
		790B0833177B7F87005C6308 /* Categories */ = {
			isa = PBXGroup;
			children = (
				790B0834177B7F87005C6308 /* NSAttributedString+MGTrim.h */,
				790B0835177B7F87005C6308 /* NSAttributedString+MGTrim.m */,
				790B0836177B7F87005C6308 /* NSObject+MGEvents.h */,
				790B0837177B7F87005C6308 /* NSObject+MGEvents.m */,
				790B0838177B7F87005C6308 /* UIColor+MGExpanded.h */,
				790B0839177B7F87005C6308 /* UIColor+MGExpanded.m */,
				790B083A177B7F87005C6308 /* UIControl+MGEvents.h */,
				790B083B177B7F87005C6308 /* UIControl+MGEvents.m */,
				790B083C177B7F87005C6308 /* UIResponder+FirstResponder.h */,
				790B083D177B7F87005C6308 /* UIResponder+FirstResponder.m */,
				790B083E177B7F87005C6308 /* UIView+MGEasyFrame.h */,
				790B083F177B7F87005C6308 /* UIView+MGEasyFrame.m */,
			);
			path = Categories;
			sourceTree = "<group>";
		};
		794FDD9517B3E0F700624BC5 /* Pre-load */ = {
			isa = PBXGroup;
			children = (
				794FDDA417B954C500624BC5 /* seedDatabase.sqlite */,
				794FDD9917B439F400624BC5 /* domoDemoData.json */,
			);
			name = "Pre-load";
			sourceTree = "<group>";
		};
		795EAD58177B410C00EEC7AF /* Additions */ = {
			isa = PBXGroup;
			children = (
				795EAD59177B411A00EEC7AF /* UIViewAdditions+EX.h */,
				795EAD5A177B411A00EEC7AF /* UIViewAdditions+EX.m */,
				795EAD5B177B411A00EEC7AF /* NSDateAdditions+EX.h */,
				795EAD5C177B411A00EEC7AF /* NSDateAdditions+EX.m */,
			);
			name = Additions;
			sourceTree = "<group>";
		};
		795EAD5D177B411D00EEC7AF /* Logic */ = {
			isa = PBXGroup;
			children = (
				7977BAC817AB15CD005A28AF /* Model */,
				795EAD58177B410C00EEC7AF /* Additions */,
			);
			name = Logic;
			sourceTree = "<group>";
		};
		795EAD5E177B4E8300EEC7AF /* icons */ = {
			isa = PBXGroup;
			children = (
				795EAD5F177B4E8B00EEC7AF /* app-logo-57px.png */,
				795EAD60177B4E8B00EEC7AF /* app-logo-57px@2x.png */,
				795EAD61177B4E8B00EEC7AF /* app-logo-72px.png */,
				795EAD62177B4E8B00EEC7AF /* app-logo-72px@2x.png */,
			);
			name = icons;
			sourceTree = "<group>";
		};
		795EAD67177B761800EEC7AF /* External */ = {
			isa = PBXGroup;
			children = (
				799DD40F17A6CE3400225815 /* Nimbus */,
				799DD3B917A6CDE800225815 /* MagicalRecord */,
				790B0832177B7F87005C6308 /* MGBox */,
				790B0811177B7EC3005C6308 /* NoteView.h */,
				790B0812177B7EC3005C6308 /* NoteView.m */,
			);
			name = External;
			sourceTree = "<group>";
		};
		7977BAC817AB15CD005A28AF /* Model */ = {
			isa = PBXGroup;
			children = (
				7977BAC917AB1606005A28AF /* AdviceRequest.h */,
				7977BACA17AB1606005A28AF /* AdviceRequest.m */,
				7977BACF17AB176C005A28AF /* Response.h */,
				7977BAD017AB176C005A28AF /* Response.m */,
				7977BACC17AB1753005A28AF /* Organization.h */,
				7977BACD17AB1753005A28AF /* Organization.m */,
				794FDD9B17B9243200624BC5 /* SupportArea.h */,
				794FDD9C17B9243300624BC5 /* SupportArea.m */,
				798A521F1779FC7D00939FB8 /* Domo.xcdatamodeld */,
			);
			name = Model;
			sourceTree = "<group>";
		};
		798A51F91779FC7D00939FB8 = {
			isa = PBXGroup;
			children = (
				798A520D1779FC7D00939FB8 /* Domo */,
				798A52041779FC7D00939FB8 /* Frameworks */,
				798A52031779FC7D00939FB8 /* Products */,
				2896700E1507495AB9D81278 /* Pods.xcconfig */,
			);
			sourceTree = "<group>";
		};
		798A52031779FC7D00939FB8 /* Products */ = {
			isa = PBXGroup;
			children = (
				798A52021779FC7D00939FB8 /* Domo.app */,
			);
			name = Products;
			sourceTree = "<group>";
		};
		798A52041779FC7D00939FB8 /* Frameworks */ = {
			isa = PBXGroup;
			children = (
				794FDD9E17B93E0B00624BC5 /* MobileCoreServices.framework */,
				794FDD9F17B93E0B00624BC5 /* SystemConfiguration.framework */,
				790B0866177B7FD1005C6308 /* AVFoundation.framework */,
				790B0867177B7FD1005C6308 /* CoreText.framework */,
				790B0868177B7FD1005C6308 /* QuartzCore.framework */,
				790B0869177B7FD1005C6308 /* CoreGraphics.framework */,
				798A52051779FC7D00939FB8 /* UIKit.framework */,
				798A52071779FC7D00939FB8 /* Foundation.framework */,
				798A52091779FC7D00939FB8 /* CoreGraphics.framework */,
				798A520B1779FC7D00939FB8 /* CoreData.framework */,
				63EC041A17524A2CA5B2BE0B /* libPods.a */,
			);
			name = Frameworks;
			sourceTree = "<group>";
		};
		798A520D1779FC7D00939FB8 /* Domo */ = {
			isa = PBXGroup;
			children = (
				795EAD67177B761800EEC7AF /* External */,
				798A522C1779FF8300939FB8 /* resources */,
				798A52271779FCCC00939FB8 /* views */,
				798A52161779FC7D00939FB8 /* DOAppDelegate.h */,
				798A52171779FC7D00939FB8 /* DOAppDelegate.m */,
				795EAD57177B40DD00EEC7AF /* EXDomoConstants.h */,
				795EAD5D177B411D00EEC7AF /* Logic */,
				798A520E1779FC7D00939FB8 /* Supporting Files */,
			);
			path = Domo;
			sourceTree = "<group>";
		};
		798A520E1779FC7D00939FB8 /* Supporting Files */ = {
			isa = PBXGroup;
			children = (
				798A520F1779FC7D00939FB8 /* Domo-Info.plist */,
				798A52101779FC7D00939FB8 /* InfoPlist.strings */,
				798A52131779FC7D00939FB8 /* main.m */,
				798A52151779FC7D00939FB8 /* Domo-Prefix.pch */,
			);
			name = "Supporting Files";
			sourceTree = "<group>";
		};
		798A52271779FCCC00939FB8 /* views */ = {
			isa = PBXGroup;
			children = (
				795EAD52177B280800EEC7AF /* DOWelcomeAndCommunityVC.h */,
				795EAD53177B280800EEC7AF /* DOWelcomeAndCommunityVC.m */,
				795EAD41177A62DD00EEC7AF /* DOWelcomeAndCommunityVC-iPhone.xib */,
				795EAD48177A836600EEC7AF /* DORequestAdviceVC.h */,
				795EAD49177A836600EEC7AF /* DORequestAdviceVC.m */,
				795EAD4A177A836600EEC7AF /* DORequestAdviceVC-iPhone.xib */,
				795EAD4D177B276D00EEC7AF /* DOHomeScreenRootVC.h */,
				795EAD4E177B276D00EEC7AF /* DOHomeScreenRootVC.m */,
				795EAD4F177B276D00EEC7AF /* DOHomeScreenRootVC-iPhone.xib */,
				79C2110F177C8CE800D7F984 /* DOMyQuestionsVC.h */,
				79C21110177C8CE800D7F984 /* DOMyQuestionsVC.m */,
				79C21111177C8CE800D7F984 /* DOMyQuestionsVC-iPhone.xib */,
			);
			name = views;
			sourceTree = "<group>";
		};
		798A522C1779FF8300939FB8 /* resources */ = {
			isa = PBXGroup;
			children = (
				794FDD9517B3E0F700624BC5 /* Pre-load */,
				79C3433817AF056600410540 /* Assets */,
				795EAD5E177B4E8300EEC7AF /* icons */,
				798A522D1779FF8300939FB8 /* Arimo-Bold-Latin.ttf */,
				798A522E1779FF8300939FB8 /* Arimo-BoldItalic-Latin.ttf */,
				798A522F1779FF8300939FB8 /* Arimo-Italic-Latin.ttf */,
				798A52301779FF8300939FB8 /* Arimo-Regular-Latin.ttf */,
				798A52311779FF8300939FB8 /* Default-568h@2x.png */,
				798A52321779FF8300939FB8 /* Default.png */,
				798A52331779FF8300939FB8 /* Default@2x.png */,
			);
			path = resources;
			sourceTree = "<group>";
		};
		799DD33017A6CDD500225815 /* core */ = {
			isa = PBXGroup;
			children = (
				799DD33117A6CDD500225815 /* NIBlocks.h */,
				799DD33217A6CDD500225815 /* NICommonMetrics.h */,
				799DD33317A6CDD500225815 /* NICommonMetrics.m */,
				799DD33417A6CDD500225815 /* NIDataStructures.h */,
				799DD33517A6CDD500225815 /* NIDataStructures.m */,
				799DD33617A6CDD500225815 /* NIDebuggingTools.h */,
				799DD33717A6CDD500225815 /* NIDebuggingTools.m */,
				799DD33817A6CDD500225815 /* NIDeviceOrientation.h */,
				799DD33917A6CDD500225815 /* NIDeviceOrientation.m */,
				799DD33A17A6CDD500225815 /* NIError.h */,
				799DD33B17A6CDD500225815 /* NIError.m */,
				799DD33C17A6CDD500225815 /* NIFoundationMethods.h */,
				799DD33D17A6CDD500225815 /* NIFoundationMethods.m */,
				799DD33E17A6CDD500225815 /* NIInMemoryCache.h */,
				799DD33F17A6CDD500225815 /* NIInMemoryCache.m */,
				799DD34017A6CDD500225815 /* NimbusCore+Additions.h */,
				799DD34117A6CDD500225815 /* NimbusCore+Namespace.h */,
				799DD34217A6CDD500225815 /* NimbusCore.h */,
				799DD34317A6CDD500225815 /* NINavigationAppearance.h */,
				799DD34417A6CDD500225815 /* NINavigationAppearance.m */,
				799DD34517A6CDD500225815 /* NINetworkActivity.h */,
				799DD34617A6CDD500225815 /* NINetworkActivity.m */,
				799DD34717A6CDD500225815 /* NINonEmptyCollectionTesting.h */,
				799DD34817A6CDD500225815 /* NINonEmptyCollectionTesting.m */,
				799DD34917A6CDD500225815 /* NINonRetainingCollections.h */,
				799DD34A17A6CDD500225815 /* NINonRetainingCollections.m */,
				799DD34B17A6CDD500225815 /* NIOperations+Subclassing.h */,
				799DD34C17A6CDD500225815 /* NIOperations.h */,
				799DD34D17A6CDD500225815 /* NIOperations.m */,
				799DD34E17A6CDD500225815 /* NIPaths.h */,
				799DD34F17A6CDD500225815 /* NIPaths.m */,
				799DD35017A6CDD500225815 /* NIPreprocessorMacros.h */,
				799DD35117A6CDD500225815 /* NIRuntimeClassModifications.h */,
				799DD35217A6CDD500225815 /* NIRuntimeClassModifications.m */,
				799DD35317A6CDD500225815 /* NISDKAvailability.h */,
				799DD35417A6CDD500225815 /* NISDKAvailability.m */,
				799DD35517A6CDD500225815 /* NIState.h */,
				799DD35617A6CDD500225815 /* NIState.m */,
				799DD35717A6CDD500225815 /* NIViewRecycler.h */,
				799DD35817A6CDD500225815 /* NIViewRecycler.m */,
				799DD35917A6CDD500225815 /* NSData+NimbusCore.h */,
				799DD35A17A6CDD500225815 /* NSData+NimbusCore.m */,
				799DD35B17A6CDD500225815 /* NSString+NimbusCore.h */,
				799DD35C17A6CDD500225815 /* NSString+NimbusCore.m */,
				799DD35D17A6CDD500225815 /* UIView+NimbusCore.h */,
				799DD35E17A6CDD500225815 /* UIView+NimbusCore.m */,
			);
			name = core;
			path = ../nimbus/src/core/src;
			sourceTree = "<group>";
		};
		799DD37417A6CDD500225815 /* model */ = {
			isa = PBXGroup;
			children = (
				799DD37517A6CDD500225815 /* NICellCatalog.h */,
				799DD37617A6CDD500225815 /* NICellCatalog.m */,
				799DD37717A6CDD500225815 /* NICellFactory.h */,
				799DD37817A6CDD500225815 /* NICellFactory.m */,
				799DD37917A6CDD500225815 /* NIFormCellCatalog.h */,
				799DD37A17A6CDD500225815 /* NIFormCellCatalog.m */,
				799DD37B17A6CDD500225815 /* NimbusModels+Namespace.h */,
				799DD37C17A6CDD500225815 /* NimbusModels.h */,
				799DD37D17A6CDD500225815 /* NIRadioGroup.h */,
				799DD37E17A6CDD500225815 /* NIRadioGroup.m */,
				799DD37F17A6CDD500225815 /* NIRadioGroupController.h */,
				799DD38017A6CDD500225815 /* NIRadioGroupController.m */,
				799DD38117A6CDD500225815 /* NITableViewActions.h */,
				799DD38217A6CDD500225815 /* NITableViewActions.m */,
				799DD38317A6CDD500225815 /* NITableViewModel+Private.h */,
				799DD38417A6CDD500225815 /* NITableViewModel.h */,
				799DD38517A6CDD500225815 /* NITableViewModel.m */,
			);
			name = model;
			path = ../nimbus/src/models/src;
			sourceTree = "<group>";
		};
		799DD3B917A6CDE800225815 /* MagicalRecord */ = {
			isa = PBXGroup;
			children = (
				799DD3BA17A6CDE800225815 /* Categories */,
				799DD3E417A6CDE800225815 /* Core */,
				799DD3F417A6CDE800225815 /* CoreData+MagicalRecord.h */,
			);
			name = MagicalRecord;
			path = MagicalRecord/MagicalRecord;
			sourceTree = SOURCE_ROOT;
		};
		799DD3BA17A6CDE800225815 /* Categories */ = {
			isa = PBXGroup;
			children = (
				799DD3BB17A6CDE800225815 /* DataImport */,
				799DD3CA17A6CDE800225815 /* NSManagedObject */,
				799DD3D517A6CDE800225815 /* NSManagedObjectContext */,
				799DD3DE17A6CDE800225815 /* NSManagedObjectModel+MagicalRecord.h */,
				799DD3DF17A6CDE800225815 /* NSManagedObjectModel+MagicalRecord.m */,
				799DD3E017A6CDE800225815 /* NSPersistentStore+MagicalRecord.h */,
				799DD3E117A6CDE800225815 /* NSPersistentStore+MagicalRecord.m */,
				799DD3E217A6CDE800225815 /* NSPersistentStoreCoordinator+MagicalRecord.h */,
				799DD3E317A6CDE800225815 /* NSPersistentStoreCoordinator+MagicalRecord.m */,
			);
			path = Categories;
			sourceTree = "<group>";
		};
		799DD3BB17A6CDE800225815 /* DataImport */ = {
			isa = PBXGroup;
			children = (
				799DD3BC17A6CDE800225815 /* MagicalImportFunctions.h */,
				799DD3BD17A6CDE800225815 /* MagicalImportFunctions.m */,
				799DD3BE17A6CDE800225815 /* NSAttributeDescription+MagicalDataImport.h */,
				799DD3BF17A6CDE800225815 /* NSAttributeDescription+MagicalDataImport.m */,
				799DD3C017A6CDE800225815 /* NSEntityDescription+MagicalDataImport.h */,
				799DD3C117A6CDE800225815 /* NSEntityDescription+MagicalDataImport.m */,
				799DD3C217A6CDE800225815 /* NSNumber+MagicalDataImport.h */,
				799DD3C317A6CDE800225815 /* NSNumber+MagicalDataImport.m */,
				799DD3C417A6CDE800225815 /* NSObject+MagicalDataImport.h */,
				799DD3C517A6CDE800225815 /* NSObject+MagicalDataImport.m */,
				799DD3C617A6CDE800225815 /* NSRelationshipDescription+MagicalDataImport.h */,
				799DD3C717A6CDE800225815 /* NSRelationshipDescription+MagicalDataImport.m */,
				799DD3C817A6CDE800225815 /* NSString+MagicalDataImport.h */,
				799DD3C917A6CDE800225815 /* NSString+MagicalDataImport.m */,
			);
			path = DataImport;
			sourceTree = "<group>";
		};
		799DD3CA17A6CDE800225815 /* NSManagedObject */ = {
			isa = PBXGroup;
			children = (
				799DD3CB17A6CDE800225815 /* NSManagedObject+MagicalAggregation.h */,
				799DD3CC17A6CDE800225815 /* NSManagedObject+MagicalAggregation.m */,
				799DD3CD17A6CDE800225815 /* NSManagedObject+MagicalDataImport.h */,
				799DD3CE17A6CDE800225815 /* NSManagedObject+MagicalDataImport.m */,
				799DD3CF17A6CDE800225815 /* NSManagedObject+MagicalFinders.h */,
				799DD3D017A6CDE800225815 /* NSManagedObject+MagicalFinders.m */,
				799DD3D117A6CDE800225815 /* NSManagedObject+MagicalRecord.h */,
				799DD3D217A6CDE800225815 /* NSManagedObject+MagicalRecord.m */,
				799DD3D317A6CDE800225815 /* NSManagedObject+MagicalRequests.h */,
				799DD3D417A6CDE800225815 /* NSManagedObject+MagicalRequests.m */,
			);
			path = NSManagedObject;
			sourceTree = "<group>";
		};
		799DD3D517A6CDE800225815 /* NSManagedObjectContext */ = {
			isa = PBXGroup;
			children = (
				799DD3D617A6CDE800225815 /* NSManagedObjectContext+MagicalObserving.h */,
				799DD3D717A6CDE800225815 /* NSManagedObjectContext+MagicalObserving.m */,
				799DD3D817A6CDE800225815 /* NSManagedObjectContext+MagicalRecord.h */,
				799DD3D917A6CDE800225815 /* NSManagedObjectContext+MagicalRecord.m */,
				799DD3DA17A6CDE800225815 /* NSManagedObjectContext+MagicalSaves.h */,
				799DD3DB17A6CDE800225815 /* NSManagedObjectContext+MagicalSaves.m */,
				799DD3DC17A6CDE800225815 /* NSManagedObjectContext+MagicalThreading.h */,
				799DD3DD17A6CDE800225815 /* NSManagedObjectContext+MagicalThreading.m */,
			);
			path = NSManagedObjectContext;
			sourceTree = "<group>";
		};
		799DD3E417A6CDE800225815 /* Core */ = {
			isa = PBXGroup;
			children = (
				799DD3E517A6CDE800225815 /* MagicalRecord+Actions.h */,
				799DD3E617A6CDE800225815 /* MagicalRecord+Actions.m */,
				799DD3E717A6CDE800225815 /* MagicalRecord+ErrorHandling.h */,
				799DD3E817A6CDE800225815 /* MagicalRecord+ErrorHandling.m */,
				799DD3E917A6CDE800225815 /* MagicalRecord+iCloud.h */,
				799DD3EA17A6CDE800225815 /* MagicalRecord+iCloud.m */,
				799DD3EB17A6CDE800225815 /* MagicalRecord+Options.h */,
				799DD3EC17A6CDE800225815 /* MagicalRecord+Options.m */,
				799DD3ED17A6CDE800225815 /* MagicalRecord+Setup.h */,
				799DD3EE17A6CDE800225815 /* MagicalRecord+Setup.m */,
				799DD3EF17A6CDE800225815 /* MagicalRecord+ShorthandSupport.h */,
				799DD3F017A6CDE800225815 /* MagicalRecord+ShorthandSupport.m */,
				799DD3F117A6CDE800225815 /* MagicalRecord.h */,
				799DD3F217A6CDE800225815 /* MagicalRecord.m */,
				799DD3F317A6CDE800225815 /* MagicalRecordShorthand.h */,
			);
			path = Core;
			sourceTree = "<group>";
		};
		799DD40F17A6CE3400225815 /* Nimbus */ = {
			isa = PBXGroup;
			children = (
				799DD33017A6CDD500225815 /* core */,
				799DD37417A6CDD500225815 /* model */,
			);
			name = Nimbus;
			sourceTree = "<group>";
		};
		79C3433817AF056600410540 /* Assets */ = {
			isa = PBXGroup;
			children = (
				795EAD55177B293000EEC7AF /* patternsquare_green@2x.png */,
				794FDD9217B3E06500624BC5 /* patternsquare_green.png */,
				795EAD46177A69FF00EEC7AF /* DomoLogo-header-iphone@2x.png */,
				794FDD8C17B3DC9600624BC5 /* domoBackbutton.png */,
				794FDD8D17B3DC9600624BC5 /* domoInfobutton.png */,
				794FDD8817B3DB4700624BC5 /* domoChoosebutton.png */,
				794FDD8917B3DB4700624BC5 /* domoDetailbutton.png */,
				79C3433917AF057900410540 /* domoBackbutton@2x.png */,
				79C3433A17AF057900410540 /* domoChoosebutton@2x.png */,
				79C3433B17AF057900410540 /* domoDetailbutton@2x.png */,
				79C3433C17AF057900410540 /* domoInfobutton@2x.png */,
			);
			name = Assets;
			sourceTree = "<group>";
		};
/* End PBXGroup section */

/* Begin PBXNativeTarget section */
		798A52011779FC7D00939FB8 /* Domo */ = {
			isa = PBXNativeTarget;
			buildConfigurationList = 798A52241779FC7D00939FB8 /* Build configuration list for PBXNativeTarget "Domo" */;
			buildPhases = (
				624647A1E99E470EB515352F /* Check Pods Manifest.lock */,
				798A51FE1779FC7D00939FB8 /* Sources */,
				798A51FF1779FC7D00939FB8 /* Frameworks */,
				798A52001779FC7D00939FB8 /* Resources */,
				680B3FBF2B0640C6909CC023 /* Copy Pods Resources */,
			);
			buildRules = (
			);
			dependencies = (
			);
			name = Domo;
			productName = Domo;
			productReference = 798A52021779FC7D00939FB8 /* Domo.app */;
			productType = "com.apple.product-type.application";
		};
/* End PBXNativeTarget section */

/* Begin PBXProject section */
		798A51FA1779FC7D00939FB8 /* Project object */ = {
			isa = PBXProject;
			attributes = {
				CLASSPREFIX = DO;
				LastUpgradeCheck = 0460;
				ORGANIZATIONNAME = ExoMachina;
			};
			buildConfigurationList = 798A51FD1779FC7D00939FB8 /* Build configuration list for PBXProject "Domo" */;
			compatibilityVersion = "Xcode 3.2";
			developmentRegion = English;
			hasScannedForEncodings = 0;
			knownRegions = (
				en,
			);
			mainGroup = 798A51F91779FC7D00939FB8;
			productRefGroup = 798A52031779FC7D00939FB8 /* Products */;
			projectDirPath = "";
			projectRoot = "";
			targets = (
				798A52011779FC7D00939FB8 /* Domo */,
			);
		};
/* End PBXProject section */

/* Begin PBXResourcesBuildPhase section */
		798A52001779FC7D00939FB8 /* Resources */ = {
			isa = PBXResourcesBuildPhase;
			buildActionMask = 2147483647;
			files = (
				798A52121779FC7D00939FB8 /* InfoPlist.strings in Resources */,
				798A52341779FF8300939FB8 /* Arimo-Bold-Latin.ttf in Resources */,
				798A52351779FF8300939FB8 /* Arimo-BoldItalic-Latin.ttf in Resources */,
				798A52361779FF8300939FB8 /* Arimo-Italic-Latin.ttf in Resources */,
				798A52371779FF8300939FB8 /* Arimo-Regular-Latin.ttf in Resources */,
				798A52381779FF8300939FB8 /* Default-568h@2x.png in Resources */,
				798A52391779FF8300939FB8 /* Default.png in Resources */,
				798A523A1779FF8300939FB8 /* Default@2x.png in Resources */,
				795EAD42177A62DD00EEC7AF /* DOWelcomeAndCommunityVC-iPhone.xib in Resources */,
				795EAD47177A69FF00EEC7AF /* DomoLogo-header-iphone@2x.png in Resources */,
				795EAD4C177A836600EEC7AF /* DORequestAdviceVC-iPhone.xib in Resources */,
				795EAD51177B276D00EEC7AF /* DOHomeScreenRootVC-iPhone.xib in Resources */,
				795EAD56177B293000EEC7AF /* patternsquare_green@2x.png in Resources */,
				795EAD63177B4E8C00EEC7AF /* app-logo-57px.png in Resources */,
				795EAD64177B4E8C00EEC7AF /* app-logo-57px@2x.png in Resources */,
				795EAD65177B4E8C00EEC7AF /* app-logo-72px.png in Resources */,
				795EAD66177B4E8C00EEC7AF /* app-logo-72px@2x.png in Resources */,
				79C21113177C8CE800D7F984 /* DOMyQuestionsVC-iPhone.xib in Resources */,
				79C3433D17AF057900410540 /* domoBackbutton@2x.png in Resources */,
				79C3433E17AF057900410540 /* domoChoosebutton@2x.png in Resources */,
				79C3433F17AF057900410540 /* domoDetailbutton@2x.png in Resources */,
				79C3434017AF057900410540 /* domoInfobutton@2x.png in Resources */,
				794FDD8A17B3DB4700624BC5 /* domoChoosebutton.png in Resources */,
				794FDD8B17B3DB4700624BC5 /* domoDetailbutton.png in Resources */,
				794FDD8E17B3DC9600624BC5 /* domoBackbutton.png in Resources */,
				794FDD8F17B3DC9600624BC5 /* domoInfobutton.png in Resources */,
				794FDD9317B3E06500624BC5 /* patternsquare_green.png in Resources */,
				794FDD9A17B439F400624BC5 /* domoDemoData.json in Resources */,
				794FDDA517B954C500624BC5 /* seedDatabase.sqlite in Resources */,
			);
			runOnlyForDeploymentPostprocessing = 0;
		};
/* End PBXResourcesBuildPhase section */

/* Begin PBXShellScriptBuildPhase section */
		624647A1E99E470EB515352F /* Check Pods Manifest.lock */ = {
			isa = PBXShellScriptBuildPhase;
			buildActionMask = 2147483647;
			files = (
			);
			inputPaths = (
			);
			name = "Check Pods Manifest.lock";
			outputPaths = (
			);
			runOnlyForDeploymentPostprocessing = 0;
			shellPath = /bin/sh;
			shellScript = "diff \"${PODS_ROOT}/../Podfile.lock\" \"${PODS_ROOT}/Manifest.lock\" > /dev/null\nif [[ $? != 0 ]] ; then\n    cat << EOM\nerror: The sandbox is not in sync with the Podfile.lock. Run 'pod install' or update your CocoaPods installation.\nEOM\n    exit 1\nfi\n";
			showEnvVarsInLog = 0;
		};
		680B3FBF2B0640C6909CC023 /* Copy Pods Resources */ = {
			isa = PBXShellScriptBuildPhase;
			buildActionMask = 2147483647;
			files = (
			);
			inputPaths = (
			);
			name = "Copy Pods Resources";
			outputPaths = (
			);
			runOnlyForDeploymentPostprocessing = 0;
			shellPath = /bin/sh;
			shellScript = "\"${SRCROOT}/Pods/Pods-resources.sh\"\n";
			showEnvVarsInLog = 0;
		};
/* End PBXShellScriptBuildPhase section */

/* Begin PBXSourcesBuildPhase section */
		798A51FE1779FC7D00939FB8 /* Sources */ = {
			isa = PBXSourcesBuildPhase;
			buildActionMask = 2147483647;
			files = (
				798A52141779FC7D00939FB8 /* main.m in Sources */,
				798A52181779FC7D00939FB8 /* DOAppDelegate.m in Sources */,
				798A52211779FC7D00939FB8 /* Domo.xcdatamodeld in Sources */,
				795EAD4B177A836600EEC7AF /* DORequestAdviceVC.m in Sources */,
				795EAD50177B276D00EEC7AF /* DOHomeScreenRootVC.m in Sources */,
				795EAD54177B280800EEC7AF /* DOWelcomeAndCommunityVC.m in Sources */,
				790B0816177B7F1E005C6308 /* NoteView.m in Sources */,
				790B0856177B7F88005C6308 /* NSAttributedString+MGTrim.m in Sources */,
				790B0857177B7F88005C6308 /* NSObject+MGEvents.m in Sources */,
				790B0858177B7F88005C6308 /* UIColor+MGExpanded.m in Sources */,
				790B0859177B7F88005C6308 /* UIControl+MGEvents.m in Sources */,
				790B085A177B7F88005C6308 /* UIResponder+FirstResponder.m in Sources */,
				790B085B177B7F88005C6308 /* UIView+MGEasyFrame.m in Sources */,
				790B085C177B7F88005C6308 /* MGBlockWrapper.m in Sources */,
				790B085D177B7F88005C6308 /* MGBox.m in Sources */,
				790B085E177B7F88005C6308 /* MGButton.m in Sources */,
				790B085F177B7F88005C6308 /* MGLayoutManager.m in Sources */,
				790B0860177B7F88005C6308 /* MGLine.m in Sources */,
				790B0861177B7F88005C6308 /* MGLineStyled.m in Sources */,
				790B0862177B7F88005C6308 /* MGMushParser.m in Sources */,
				790B0863177B7F88005C6308 /* MGScrollView.m in Sources */,
				790B0864177B7F88005C6308 /* MGTableBox.m in Sources */,
				790B0865177B7F88005C6308 /* MGTableBoxStyled.m in Sources */,
				79C21112177C8CE800D7F984 /* DOMyQuestionsVC.m in Sources */,
				799DD38B17A6CDD500225815 /* NICommonMetrics.m in Sources */,
				799DD38C17A6CDD500225815 /* NIDataStructures.m in Sources */,
				799DD38D17A6CDD500225815 /* NIDebuggingTools.m in Sources */,
				799DD38E17A6CDD500225815 /* NIDeviceOrientation.m in Sources */,
				799DD38F17A6CDD500225815 /* NIError.m in Sources */,
				799DD39017A6CDD500225815 /* NIFoundationMethods.m in Sources */,
				799DD39117A6CDD500225815 /* NIInMemoryCache.m in Sources */,
				799DD39217A6CDD500225815 /* NINavigationAppearance.m in Sources */,
				799DD39317A6CDD500225815 /* NINetworkActivity.m in Sources */,
				799DD39417A6CDD500225815 /* NINonEmptyCollectionTesting.m in Sources */,
				799DD39517A6CDD500225815 /* NINonRetainingCollections.m in Sources */,
				799DD39617A6CDD500225815 /* NIOperations.m in Sources */,
				799DD39717A6CDD500225815 /* NIPaths.m in Sources */,
				799DD39817A6CDD500225815 /* NIRuntimeClassModifications.m in Sources */,
				799DD39917A6CDD500225815 /* NISDKAvailability.m in Sources */,
				799DD39A17A6CDD500225815 /* NIState.m in Sources */,
				799DD39B17A6CDD500225815 /* NIViewRecycler.m in Sources */,
				799DD39C17A6CDD500225815 /* NSData+NimbusCore.m in Sources */,
				799DD39D17A6CDD500225815 /* NSString+NimbusCore.m in Sources */,
				799DD39E17A6CDD500225815 /* UIView+NimbusCore.m in Sources */,
				799DD3B017A6CDD500225815 /* NICellCatalog.m in Sources */,
				799DD3B117A6CDD500225815 /* NICellFactory.m in Sources */,
				799DD3B217A6CDD500225815 /* NIFormCellCatalog.m in Sources */,
				799DD3B317A6CDD500225815 /* NIRadioGroup.m in Sources */,
				799DD3B417A6CDD500225815 /* NIRadioGroupController.m in Sources */,
				799DD3B517A6CDD500225815 /* NITableViewActions.m in Sources */,
				799DD3B617A6CDD500225815 /* NITableViewModel.m in Sources */,
				799DD3F517A6CDE800225815 /* MagicalImportFunctions.m in Sources */,
				799DD3F617A6CDE800225815 /* NSAttributeDescription+MagicalDataImport.m in Sources */,
				799DD3F717A6CDE800225815 /* NSEntityDescription+MagicalDataImport.m in Sources */,
				799DD3F817A6CDE800225815 /* NSNumber+MagicalDataImport.m in Sources */,
				799DD3F917A6CDE800225815 /* NSObject+MagicalDataImport.m in Sources */,
				799DD3FA17A6CDE800225815 /* NSRelationshipDescription+MagicalDataImport.m in Sources */,
				799DD3FB17A6CDE800225815 /* NSString+MagicalDataImport.m in Sources */,
				799DD3FC17A6CDE800225815 /* NSManagedObject+MagicalAggregation.m in Sources */,
				799DD3FD17A6CDE800225815 /* NSManagedObject+MagicalDataImport.m in Sources */,
				799DD3FE17A6CDE800225815 /* NSManagedObject+MagicalFinders.m in Sources */,
				799DD3FF17A6CDE800225815 /* NSManagedObject+MagicalRecord.m in Sources */,
				799DD40017A6CDE800225815 /* NSManagedObject+MagicalRequests.m in Sources */,
				799DD40117A6CDE800225815 /* NSManagedObjectContext+MagicalObserving.m in Sources */,
				799DD40217A6CDE800225815 /* NSManagedObjectContext+MagicalRecord.m in Sources */,
				799DD40317A6CDE800225815 /* NSManagedObjectContext+MagicalSaves.m in Sources */,
				799DD40417A6CDE800225815 /* NSManagedObjectContext+MagicalThreading.m in Sources */,
				799DD40517A6CDE800225815 /* NSManagedObjectModel+MagicalRecord.m in Sources */,
				799DD40617A6CDE800225815 /* NSPersistentStore+MagicalRecord.m in Sources */,
				799DD40717A6CDE800225815 /* NSPersistentStoreCoordinator+MagicalRecord.m in Sources */,
				799DD40817A6CDE800225815 /* MagicalRecord+Actions.m in Sources */,
				799DD40917A6CDE800225815 /* MagicalRecord+ErrorHandling.m in Sources */,
				799DD40A17A6CDE800225815 /* MagicalRecord+iCloud.m in Sources */,
				799DD40B17A6CDE800225815 /* MagicalRecord+Options.m in Sources */,
				799DD40C17A6CDE800225815 /* MagicalRecord+Setup.m in Sources */,
				799DD40D17A6CDE800225815 /* MagicalRecord+ShorthandSupport.m in Sources */,
				799DD40E17A6CDE800225815 /* MagicalRecord.m in Sources */,
				7977BACB17AB1606005A28AF /* AdviceRequest.m in Sources */,
				7977BACE17AB1753005A28AF /* Organization.m in Sources */,
				7977BAD117AB176C005A28AF /* Response.m in Sources */,
				794FDD9D17B9243300624BC5 /* SupportArea.m in Sources */,
			);
			runOnlyForDeploymentPostprocessing = 0;
		};
/* End PBXSourcesBuildPhase section */

/* Begin PBXVariantGroup section */
		798A52101779FC7D00939FB8 /* InfoPlist.strings */ = {
			isa = PBXVariantGroup;
			children = (
				798A52111779FC7D00939FB8 /* en */,
			);
			name = InfoPlist.strings;
			sourceTree = "<group>";
		};
/* End PBXVariantGroup section */

/* Begin XCBuildConfiguration section */
		798A52221779FC7D00939FB8 /* Debug */ = {
			isa = XCBuildConfiguration;
			buildSettings = {
				ALWAYS_SEARCH_USER_PATHS = NO;
				CLANG_CXX_LANGUAGE_STANDARD = "gnu++0x";
				CLANG_CXX_LIBRARY = "libc++";
				CLANG_ENABLE_OBJC_ARC = YES;
				CLANG_WARN_CONSTANT_CONVERSION = YES;
				CLANG_WARN_EMPTY_BODY = YES;
				CLANG_WARN_ENUM_CONVERSION = YES;
				CLANG_WARN_INT_CONVERSION = YES;
				CLANG_WARN__DUPLICATE_METHOD_MATCH = YES;
				CODE_SIGN_IDENTITY = "iPhone Developer: Alexander List (76TLAY9W6F)";
				"CODE_SIGN_IDENTITY[sdk=iphoneos*]" = "iPhone Developer";
				COPY_PHASE_STRIP = NO;
				GCC_C_LANGUAGE_STANDARD = gnu99;
				GCC_DYNAMIC_NO_PIC = NO;
				GCC_OPTIMIZATION_LEVEL = 0;
				GCC_PREPROCESSOR_DEFINITIONS = (
					"DEBUG=1",
					"$(inherited)",
				);
				GCC_SYMBOLS_PRIVATE_EXTERN = NO;
				GCC_WARN_ABOUT_RETURN_TYPE = YES;
				GCC_WARN_UNINITIALIZED_AUTOS = YES;
				GCC_WARN_UNUSED_VARIABLE = YES;
				IPHONEOS_DEPLOYMENT_TARGET = 6.1;
				ONLY_ACTIVE_ARCH = YES;
				PROVISIONING_PROFILE = "66CBEBA6-1B80-4C25-A33B-BD37DEC5019F";
				SDKROOT = iphoneos;
				TARGETED_DEVICE_FAMILY = "1,2";
			};
			name = Debug;
		};
		798A52231779FC7D00939FB8 /* Release */ = {
			isa = XCBuildConfiguration;
			buildSettings = {
				ALWAYS_SEARCH_USER_PATHS = NO;
				CLANG_CXX_LANGUAGE_STANDARD = "gnu++0x";
				CLANG_CXX_LIBRARY = "libc++";
				CLANG_ENABLE_OBJC_ARC = YES;
				CLANG_WARN_CONSTANT_CONVERSION = YES;
				CLANG_WARN_EMPTY_BODY = YES;
				CLANG_WARN_ENUM_CONVERSION = YES;
				CLANG_WARN_INT_CONVERSION = YES;
				CLANG_WARN__DUPLICATE_METHOD_MATCH = YES;
				"CODE_SIGN_IDENTITY[sdk=iphoneos*]" = "iPhone Developer";
				COPY_PHASE_STRIP = YES;
				GCC_C_LANGUAGE_STANDARD = gnu99;
				GCC_WARN_ABOUT_RETURN_TYPE = YES;
				GCC_WARN_UNINITIALIZED_AUTOS = YES;
				GCC_WARN_UNUSED_VARIABLE = YES;
				IPHONEOS_DEPLOYMENT_TARGET = 6.1;
				OTHER_CFLAGS = "-DNS_BLOCK_ASSERTIONS=1";
				SDKROOT = iphoneos;
				TARGETED_DEVICE_FAMILY = "1,2";
				VALIDATE_PRODUCT = YES;
			};
			name = Release;
		};
		798A52251779FC7D00939FB8 /* Debug */ = {
			isa = XCBuildConfiguration;
			baseConfigurationReference = 2896700E1507495AB9D81278 /* Pods.xcconfig */;
			buildSettings = {
				GCC_PRECOMPILE_PREFIX_HEADER = YES;
				GCC_PREFIX_HEADER = "Domo/Domo-Prefix.pch";
				INFOPLIST_FILE = "Domo/Domo-Info.plist";
				PRODUCT_NAME = "$(TARGET_NAME)";
				WRAPPER_EXTENSION = app;
			};
			name = Debug;
		};
		798A52261779FC7D00939FB8 /* Release */ = {
			isa = XCBuildConfiguration;
			baseConfigurationReference = 2896700E1507495AB9D81278 /* Pods.xcconfig */;
			buildSettings = {
				GCC_PRECOMPILE_PREFIX_HEADER = YES;
				GCC_PREFIX_HEADER = "Domo/Domo-Prefix.pch";
				INFOPLIST_FILE = "Domo/Domo-Info.plist";
				PRODUCT_NAME = "$(TARGET_NAME)";
				WRAPPER_EXTENSION = app;
			};
			name = Release;
		};
/* End XCBuildConfiguration section */

/* Begin XCConfigurationList section */
		798A51FD1779FC7D00939FB8 /* Build configuration list for PBXProject "Domo" */ = {
			isa = XCConfigurationList;
			buildConfigurations = (
				798A52221779FC7D00939FB8 /* Debug */,
				798A52231779FC7D00939FB8 /* Release */,
			);
			defaultConfigurationIsVisible = 0;
			defaultConfigurationName = Release;
		};
		798A52241779FC7D00939FB8 /* Build configuration list for PBXNativeTarget "Domo" */ = {
			isa = XCConfigurationList;
			buildConfigurations = (
				798A52251779FC7D00939FB8 /* Debug */,
				798A52261779FC7D00939FB8 /* Release */,
			);
			defaultConfigurationIsVisible = 0;
			defaultConfigurationName = Release;
		};
/* End XCConfigurationList section */

/* Begin XCVersionGroup section */
		798A521F1779FC7D00939FB8 /* Domo.xcdatamodeld */ = {
			isa = XCVersionGroup;
			children = (
				798A52201779FC7D00939FB8 /* Domo.xcdatamodel */,
			);
			currentVersion = 798A52201779FC7D00939FB8 /* Domo.xcdatamodel */;
			path = Domo.xcdatamodeld;
			sourceTree = "<group>";
			versionGroupType = wrapper.xcdatamodel;
		};
/* End XCVersionGroup section */
	};
	rootObject = 798A51FA1779FC7D00939FB8 /* Project object */;
}
